
Microsoft Visual Studio Solution File, Format Version 11.00
# Visual Studio 2010
Project("{2150E333-8FDC-42A3-9474-1A3956D46DE8}") = "Libraries", "Libraries", "{9589D070-E5C0-415E-B2D6-2AC6A25E7832}"
EndProject
Project("{2150E333-8FDC-42A3-9474-1A3956D46DE8}") = "Tests", "Tests", "{45FF71E8-CA94-4ED4-8058-D29BB2DE052D}"
EndProject
Project("{2150E333-8FDC-42A3-9474-1A3956D46DE8}") = "Utilities", "Utilities", "{0CE13F71-3913-4C34-863E-FF1A7788C177}"
EndProject
Project("{2150E333-8FDC-42A3-9474-1A3956D46DE8}") = "Solution Items", "Solution Items", "{8DC0E577-3416-41FD-80BA-11DDE04C1BAE}"
	ProjectSection(SolutionItems) = preProject
		build.xml = build.xml
	EndProjectSection
EndProject
Project("{FAE04EC0-301F-11D3-BF4B-00C04F79EFBC}") = "AdapterLibrary", "Libraries\AdapterLibrary\AdapterLibrary.csproj", "{6AFEF057-8D02-4F3C-AC41-6815E9CFD15A}"
EndProject
Project("{FAE04EC0-301F-11D3-BF4B-00C04F79EFBC}") = "RdfImportExport", "Utilities\RdfImportExport\RdfImportExport\RdfImportExport.csproj", "{FFBAFDB9-201D-42BB-8BA4-A5F6180F0333}"
EndProject
Project("{FAE04EC0-301F-11D3-BF4B-00C04F79EFBC}") = "ReferenceDataLibrary", "Libraries\ReferenceDataLibrary\ReferenceDataLibrary.csproj", "{F271963F-10B1-4495-B047-BD5A977ED187}"
EndProject
Project("{FAE04EC0-301F-11D3-BF4B-00C04F79EFBC}") = "NHibernateLibrary", "Libraries\NHibernateLibrary\NHibernateLibrary.csproj", "{02377ADB-F40D-4AD0-B8A8-95810CB55047}"
EndProject
Project("{FAE04EC0-301F-11D3-BF4B-00C04F79EFBC}") = "iRINGTools.Services", "iRINGTools.Services\iRINGTools.Services.csproj", "{F1FB051C-DFBD-4017-A248-9BE61D26EA70}"
EndProject
Project("{FAE04EC0-301F-11D3-BF4B-00C04F79EFBC}") = "EncryptCredentials", "Utilities\EncryptCredentials\EncryptCredentials.csproj", "{47F8BAD7-332C-4463-8AA1-5BC7F9B3A663}"
EndProject
Project("{FAE04EC0-301F-11D3-BF4B-00C04F79EFBC}") = "FacadeExchange", "Utilities\FacadeExchange\FacadeExchange.csproj", "{66E98657-D742-4775-82A3-9B02BB17B035}"
EndProject
Project("{FAE04EC0-301F-11D3-BF4B-00C04F79EFBC}") = "QMXFGenerator", "Utilities\QMXFGenerator\QMXFGenerator.csproj", "{91086100-C634-450F-A560-4B5EFCBBF8E6}"
EndProject
Project("{FAE04EC0-301F-11D3-BF4B-00C04F79EFBC}") = "NUnit.Runner", "Tests\NUnit.Runner\NUnit.Runner.csproj", "{47E9D680-C10C-46B6-BDC8-68CEFC037AFE}"
EndProject
Project("{FAE04EC0-301F-11D3-BF4B-00C04F79EFBC}") = "NUnit.Tests", "Tests\NUnit.Tests\NUnit.Tests.csproj", "{9E46E6C4-6EBA-443D-BC20-7AD213D52BCF}"
EndProject
Project("{FAE04EC0-301F-11D3-BF4B-00C04F79EFBC}") = "ConfigurationTool", "Utilities\ConfigurationTool\ConfigurationTool.csproj", "{DAFE844A-E5C9-4D6D-82B9-3D977D0FA40A}"
EndProject
Project("{FAE04EC0-301F-11D3-BF4B-00C04F79EFBC}") = "UtilityLibrary", "Libraries\UtilityLibrary\UtilityLibrary.csproj", "{3CE8F652-0478-4863-A9DD-9986315F55AB}"
EndProject
Project("{FAE04EC0-301F-11D3-BF4B-00C04F79EFBC}") = "iRINGLibrary", "Libraries\iRINGLibrary\iRINGLibrary.csproj", "{D9A14BFC-001F-46DB-8F0B-8A81017D0D27}"
EndProject
Project("{FAE04EC0-301F-11D3-BF4B-00C04F79EFBC}") = "NHibernateExtension", "Libraries\NHibernateExtension\NHibernateExtension.csproj", "{16254768-97F8-457E-ACC8-0FA6315436EE}"
EndProject
Project("{FAE04EC0-301F-11D3-BF4B-00C04F79EFBC}") = "WADLLibrary", "Libraries\WADLLibrary\WADLLibrary.csproj", "{B6362A98-B4C0-4729-AFE8-04F93F1B6C79}"
EndProject
Project("{FAE04EC0-301F-11D3-BF4B-00C04F79EFBC}") = "iRINGTools.Applications", "iRINGTools.Applications\iRINGTools.Applications.csproj", "{130ACD72-B533-45A4-AF3D-1CB69C53ACEF}"
EndProject
Project("{FAE04EC0-301F-11D3-BF4B-00C04F79EFBC}") = "SpreadsheetLibrary", "Libraries\SpreadsheetLibrary\SpreadsheetLibrary.csproj", "{2EEBBD3F-C066-4990-8154-26E287464E09}"
EndProject
Global
	GlobalSection(SolutionConfigurationPlatforms) = preSolution
		Debug|Any CPU = Debug|Any CPU
		Debug|Mixed Platforms = Debug|Mixed Platforms
		Debug|x86 = Debug|x86
		Default|Any CPU = Default|Any CPU
		Default|Mixed Platforms = Default|Mixed Platforms
		Default|x86 = Default|x86
		Demo|Any CPU = Demo|Any CPU
		Demo|Mixed Platforms = Demo|Mixed Platforms
		Demo|x86 = Demo|x86
		MobileDev|Any CPU = MobileDev|Any CPU
		MobileDev|Mixed Platforms = MobileDev|Mixed Platforms
		MobileDev|x86 = MobileDev|x86
		Release|Any CPU = Release|Any CPU
		Release|Mixed Platforms = Release|Mixed Platforms
		Release|x86 = Release|x86
	EndGlobalSection
	GlobalSection(ProjectConfigurationPlatforms) = postSolution
		{6AFEF057-8D02-4F3C-AC41-6815E9CFD15A}.Debug|Any CPU.ActiveCfg = Debug|Any CPU
		{6AFEF057-8D02-4F3C-AC41-6815E9CFD15A}.Debug|Any CPU.Build.0 = Debug|Any CPU
		{6AFEF057-8D02-4F3C-AC41-6815E9CFD15A}.Debug|Mixed Platforms.ActiveCfg = Debug|Any CPU
		{6AFEF057-8D02-4F3C-AC41-6815E9CFD15A}.Debug|Mixed Platforms.Build.0 = Debug|Any CPU
		{6AFEF057-8D02-4F3C-AC41-6815E9CFD15A}.Debug|x86.ActiveCfg = Debug|Any CPU
		{6AFEF057-8D02-4F3C-AC41-6815E9CFD15A}.Default|Any CPU.ActiveCfg = Default|Any CPU
		{6AFEF057-8D02-4F3C-AC41-6815E9CFD15A}.Default|Any CPU.Build.0 = Default|Any CPU
		{6AFEF057-8D02-4F3C-AC41-6815E9CFD15A}.Default|Mixed Platforms.ActiveCfg = Default|Any CPU
		{6AFEF057-8D02-4F3C-AC41-6815E9CFD15A}.Default|Mixed Platforms.Build.0 = Default|Any CPU
		{6AFEF057-8D02-4F3C-AC41-6815E9CFD15A}.Default|x86.ActiveCfg = Default|Any CPU
		{6AFEF057-8D02-4F3C-AC41-6815E9CFD15A}.Demo|Any CPU.ActiveCfg = Debug|Any CPU
		{6AFEF057-8D02-4F3C-AC41-6815E9CFD15A}.Demo|Any CPU.Build.0 = Debug|Any CPU
		{6AFEF057-8D02-4F3C-AC41-6815E9CFD15A}.Demo|Mixed Platforms.ActiveCfg = Debug|Any CPU
		{6AFEF057-8D02-4F3C-AC41-6815E9CFD15A}.Demo|Mixed Platforms.Build.0 = Debug|Any CPU
		{6AFEF057-8D02-4F3C-AC41-6815E9CFD15A}.Demo|x86.ActiveCfg = Debug|Any CPU
		{6AFEF057-8D02-4F3C-AC41-6815E9CFD15A}.MobileDev|Any CPU.ActiveCfg = Release|Any CPU
		{6AFEF057-8D02-4F3C-AC41-6815E9CFD15A}.MobileDev|Any CPU.Build.0 = Release|Any CPU
		{6AFEF057-8D02-4F3C-AC41-6815E9CFD15A}.MobileDev|Mixed Platforms.ActiveCfg = Release|Any CPU
		{6AFEF057-8D02-4F3C-AC41-6815E9CFD15A}.MobileDev|Mixed Platforms.Build.0 = Release|Any CPU
		{6AFEF057-8D02-4F3C-AC41-6815E9CFD15A}.MobileDev|x86.ActiveCfg = Release|Any CPU
		{6AFEF057-8D02-4F3C-AC41-6815E9CFD15A}.Release|Any CPU.ActiveCfg = Release|Any CPU
		{6AFEF057-8D02-4F3C-AC41-6815E9CFD15A}.Release|Any CPU.Build.0 = Release|Any CPU
		{6AFEF057-8D02-4F3C-AC41-6815E9CFD15A}.Release|Mixed Platforms.ActiveCfg = Release|Any CPU
		{6AFEF057-8D02-4F3C-AC41-6815E9CFD15A}.Release|Mixed Platforms.Build.0 = Release|Any CPU
		{6AFEF057-8D02-4F3C-AC41-6815E9CFD15A}.Release|x86.ActiveCfg = Release|Any CPU
		{FFBAFDB9-201D-42BB-8BA4-A5F6180F0333}.Debug|Any CPU.ActiveCfg = Debug|x86
		{FFBAFDB9-201D-42BB-8BA4-A5F6180F0333}.Debug|Any CPU.Build.0 = Debug|x86
		{FFBAFDB9-201D-42BB-8BA4-A5F6180F0333}.Debug|Mixed Platforms.ActiveCfg = Debug|x86
		{FFBAFDB9-201D-42BB-8BA4-A5F6180F0333}.Debug|Mixed Platforms.Build.0 = Debug|x86
		{FFBAFDB9-201D-42BB-8BA4-A5F6180F0333}.Debug|x86.ActiveCfg = Debug|x86
		{FFBAFDB9-201D-42BB-8BA4-A5F6180F0333}.Debug|x86.Build.0 = Debug|x86
		{FFBAFDB9-201D-42BB-8BA4-A5F6180F0333}.Default|Any CPU.ActiveCfg = Default|x86
		{FFBAFDB9-201D-42BB-8BA4-A5F6180F0333}.Default|Mixed Platforms.ActiveCfg = Default|x86
		{FFBAFDB9-201D-42BB-8BA4-A5F6180F0333}.Default|Mixed Platforms.Build.0 = Default|x86
		{FFBAFDB9-201D-42BB-8BA4-A5F6180F0333}.Default|x86.ActiveCfg = Default|x86
		{FFBAFDB9-201D-42BB-8BA4-A5F6180F0333}.Demo|Any CPU.ActiveCfg = Debug|x86
		{FFBAFDB9-201D-42BB-8BA4-A5F6180F0333}.Demo|Mixed Platforms.ActiveCfg = Debug|x86
		{FFBAFDB9-201D-42BB-8BA4-A5F6180F0333}.Demo|Mixed Platforms.Build.0 = Debug|x86
		{FFBAFDB9-201D-42BB-8BA4-A5F6180F0333}.Demo|x86.ActiveCfg = Debug|x86
		{FFBAFDB9-201D-42BB-8BA4-A5F6180F0333}.Demo|x86.Build.0 = Debug|x86
		{FFBAFDB9-201D-42BB-8BA4-A5F6180F0333}.MobileDev|Any CPU.ActiveCfg = Release|x86
		{FFBAFDB9-201D-42BB-8BA4-A5F6180F0333}.MobileDev|Mixed Platforms.ActiveCfg = Release|x86
		{FFBAFDB9-201D-42BB-8BA4-A5F6180F0333}.MobileDev|Mixed Platforms.Build.0 = Release|x86
		{FFBAFDB9-201D-42BB-8BA4-A5F6180F0333}.MobileDev|x86.ActiveCfg = Release|x86
		{FFBAFDB9-201D-42BB-8BA4-A5F6180F0333}.MobileDev|x86.Build.0 = Release|x86
		{FFBAFDB9-201D-42BB-8BA4-A5F6180F0333}.Release|Any CPU.ActiveCfg = Release|x86
		{FFBAFDB9-201D-42BB-8BA4-A5F6180F0333}.Release|Mixed Platforms.ActiveCfg = Release|x86
		{FFBAFDB9-201D-42BB-8BA4-A5F6180F0333}.Release|Mixed Platforms.Build.0 = Release|x86
		{FFBAFDB9-201D-42BB-8BA4-A5F6180F0333}.Release|x86.ActiveCfg = Release|x86
		{FFBAFDB9-201D-42BB-8BA4-A5F6180F0333}.Release|x86.Build.0 = Release|x86
		{F271963F-10B1-4495-B047-BD5A977ED187}.Debug|Any CPU.ActiveCfg = Debug|Any CPU
		{F271963F-10B1-4495-B047-BD5A977ED187}.Debug|Any CPU.Build.0 = Debug|Any CPU
		{F271963F-10B1-4495-B047-BD5A977ED187}.Debug|Mixed Platforms.ActiveCfg = Debug|Any CPU
		{F271963F-10B1-4495-B047-BD5A977ED187}.Debug|Mixed Platforms.Build.0 = Debug|Any CPU
		{F271963F-10B1-4495-B047-BD5A977ED187}.Debug|x86.ActiveCfg = Debug|Any CPU
		{F271963F-10B1-4495-B047-BD5A977ED187}.Default|Any CPU.ActiveCfg = Debug|Any CPU
		{F271963F-10B1-4495-B047-BD5A977ED187}.Default|Any CPU.Build.0 = Debug|Any CPU
		{F271963F-10B1-4495-B047-BD5A977ED187}.Default|Mixed Platforms.ActiveCfg = Debug|Any CPU
		{F271963F-10B1-4495-B047-BD5A977ED187}.Default|Mixed Platforms.Build.0 = Debug|Any CPU
		{F271963F-10B1-4495-B047-BD5A977ED187}.Default|x86.ActiveCfg = Debug|Any CPU
		{F271963F-10B1-4495-B047-BD5A977ED187}.Demo|Any CPU.ActiveCfg = Debug|Any CPU
		{F271963F-10B1-4495-B047-BD5A977ED187}.Demo|Any CPU.Build.0 = Debug|Any CPU
		{F271963F-10B1-4495-B047-BD5A977ED187}.Demo|Mixed Platforms.ActiveCfg = Debug|Any CPU
		{F271963F-10B1-4495-B047-BD5A977ED187}.Demo|Mixed Platforms.Build.0 = Debug|Any CPU
		{F271963F-10B1-4495-B047-BD5A977ED187}.Demo|x86.ActiveCfg = Debug|Any CPU
		{F271963F-10B1-4495-B047-BD5A977ED187}.MobileDev|Any CPU.ActiveCfg = Release|Any CPU
		{F271963F-10B1-4495-B047-BD5A977ED187}.MobileDev|Any CPU.Build.0 = Release|Any CPU
		{F271963F-10B1-4495-B047-BD5A977ED187}.MobileDev|Mixed Platforms.ActiveCfg = Release|Any CPU
		{F271963F-10B1-4495-B047-BD5A977ED187}.MobileDev|Mixed Platforms.Build.0 = Release|Any CPU
		{F271963F-10B1-4495-B047-BD5A977ED187}.MobileDev|x86.ActiveCfg = Release|Any CPU
		{F271963F-10B1-4495-B047-BD5A977ED187}.Release|Any CPU.ActiveCfg = Release|Any CPU
		{F271963F-10B1-4495-B047-BD5A977ED187}.Release|Any CPU.Build.0 = Release|Any CPU
		{F271963F-10B1-4495-B047-BD5A977ED187}.Release|Mixed Platforms.ActiveCfg = Release|Any CPU
		{F271963F-10B1-4495-B047-BD5A977ED187}.Release|Mixed Platforms.Build.0 = Release|Any CPU
		{F271963F-10B1-4495-B047-BD5A977ED187}.Release|x86.ActiveCfg = Release|Any CPU
		{02377ADB-F40D-4AD0-B8A8-95810CB55047}.Debug|Any CPU.ActiveCfg = Debug|Any CPU
		{02377ADB-F40D-4AD0-B8A8-95810CB55047}.Debug|Any CPU.Build.0 = Debug|Any CPU
		{02377ADB-F40D-4AD0-B8A8-95810CB55047}.Debug|Mixed Platforms.ActiveCfg = Debug|Any CPU
		{02377ADB-F40D-4AD0-B8A8-95810CB55047}.Debug|Mixed Platforms.Build.0 = Debug|Any CPU
		{02377ADB-F40D-4AD0-B8A8-95810CB55047}.Debug|x86.ActiveCfg = Debug|Any CPU
		{02377ADB-F40D-4AD0-B8A8-95810CB55047}.Default|Any CPU.ActiveCfg = Debug|Any CPU
		{02377ADB-F40D-4AD0-B8A8-95810CB55047}.Default|Any CPU.Build.0 = Debug|Any CPU
		{02377ADB-F40D-4AD0-B8A8-95810CB55047}.Default|Mixed Platforms.ActiveCfg = Debug|Any CPU
		{02377ADB-F40D-4AD0-B8A8-95810CB55047}.Default|Mixed Platforms.Build.0 = Debug|Any CPU
		{02377ADB-F40D-4AD0-B8A8-95810CB55047}.Default|x86.ActiveCfg = Debug|Any CPU
		{02377ADB-F40D-4AD0-B8A8-95810CB55047}.Demo|Any CPU.ActiveCfg = Debug|Any CPU
		{02377ADB-F40D-4AD0-B8A8-95810CB55047}.Demo|Any CPU.Build.0 = Debug|Any CPU
		{02377ADB-F40D-4AD0-B8A8-95810CB55047}.Demo|Mixed Platforms.ActiveCfg = Debug|Any CPU
		{02377ADB-F40D-4AD0-B8A8-95810CB55047}.Demo|Mixed Platforms.Build.0 = Debug|Any CPU
		{02377ADB-F40D-4AD0-B8A8-95810CB55047}.Demo|x86.ActiveCfg = Debug|Any CPU
		{02377ADB-F40D-4AD0-B8A8-95810CB55047}.MobileDev|Any CPU.ActiveCfg = Release|Any CPU
		{02377ADB-F40D-4AD0-B8A8-95810CB55047}.MobileDev|Any CPU.Build.0 = Release|Any CPU
		{02377ADB-F40D-4AD0-B8A8-95810CB55047}.MobileDev|Mixed Platforms.ActiveCfg = Release|Any CPU
		{02377ADB-F40D-4AD0-B8A8-95810CB55047}.MobileDev|Mixed Platforms.Build.0 = Release|Any CPU
		{02377ADB-F40D-4AD0-B8A8-95810CB55047}.MobileDev|x86.ActiveCfg = Release|Any CPU
		{02377ADB-F40D-4AD0-B8A8-95810CB55047}.Release|Any CPU.ActiveCfg = Release|Any CPU
		{02377ADB-F40D-4AD0-B8A8-95810CB55047}.Release|Any CPU.Build.0 = Release|Any CPU
		{02377ADB-F40D-4AD0-B8A8-95810CB55047}.Release|Mixed Platforms.ActiveCfg = Release|Any CPU
		{02377ADB-F40D-4AD0-B8A8-95810CB55047}.Release|Mixed Platforms.Build.0 = Release|Any CPU
		{02377ADB-F40D-4AD0-B8A8-95810CB55047}.Release|x86.ActiveCfg = Release|Any CPU
		{F1FB051C-DFBD-4017-A248-9BE61D26EA70}.Debug|Any CPU.ActiveCfg = Debug|Any CPU
		{F1FB051C-DFBD-4017-A248-9BE61D26EA70}.Debug|Any CPU.Build.0 = Debug|Any CPU
		{F1FB051C-DFBD-4017-A248-9BE61D26EA70}.Debug|Mixed Platforms.ActiveCfg = Debug|Any CPU
		{F1FB051C-DFBD-4017-A248-9BE61D26EA70}.Debug|Mixed Platforms.Build.0 = Debug|Any CPU
		{F1FB051C-DFBD-4017-A248-9BE61D26EA70}.Debug|x86.ActiveCfg = Debug|Any CPU
		{F1FB051C-DFBD-4017-A248-9BE61D26EA70}.Default|Any CPU.ActiveCfg = Default|Any CPU
		{F1FB051C-DFBD-4017-A248-9BE61D26EA70}.Default|Any CPU.Build.0 = Default|Any CPU
		{F1FB051C-DFBD-4017-A248-9BE61D26EA70}.Default|Mixed Platforms.ActiveCfg = Default|Any CPU
		{F1FB051C-DFBD-4017-A248-9BE61D26EA70}.Default|Mixed Platforms.Build.0 = Default|Any CPU
		{F1FB051C-DFBD-4017-A248-9BE61D26EA70}.Default|x86.ActiveCfg = Default|Any CPU
		{F1FB051C-DFBD-4017-A248-9BE61D26EA70}.Demo|Any CPU.ActiveCfg = Default|Any CPU
		{F1FB051C-DFBD-4017-A248-9BE61D26EA70}.Demo|Any CPU.Build.0 = Default|Any CPU
		{F1FB051C-DFBD-4017-A248-9BE61D26EA70}.Demo|Mixed Platforms.ActiveCfg = Default|Any CPU
		{F1FB051C-DFBD-4017-A248-9BE61D26EA70}.Demo|Mixed Platforms.Build.0 = Default|Any CPU
		{F1FB051C-DFBD-4017-A248-9BE61D26EA70}.Demo|x86.ActiveCfg = Default|Any CPU
		{F1FB051C-DFBD-4017-A248-9BE61D26EA70}.MobileDev|Any CPU.ActiveCfg = Default|Any CPU
		{F1FB051C-DFBD-4017-A248-9BE61D26EA70}.MobileDev|Any CPU.Build.0 = Default|Any CPU
		{F1FB051C-DFBD-4017-A248-9BE61D26EA70}.MobileDev|Mixed Platforms.ActiveCfg = Default|Any CPU
		{F1FB051C-DFBD-4017-A248-9BE61D26EA70}.MobileDev|Mixed Platforms.Build.0 = Default|Any CPU
		{F1FB051C-DFBD-4017-A248-9BE61D26EA70}.MobileDev|x86.ActiveCfg = Default|Any CPU
		{F1FB051C-DFBD-4017-A248-9BE61D26EA70}.Release|Any CPU.ActiveCfg = Release|Any CPU
		{F1FB051C-DFBD-4017-A248-9BE61D26EA70}.Release|Any CPU.Build.0 = Release|Any CPU
		{F1FB051C-DFBD-4017-A248-9BE61D26EA70}.Release|Mixed Platforms.ActiveCfg = Release|Any CPU
		{F1FB051C-DFBD-4017-A248-9BE61D26EA70}.Release|Mixed Platforms.Build.0 = Release|Any CPU
		{F1FB051C-DFBD-4017-A248-9BE61D26EA70}.Release|x86.ActiveCfg = Release|Any CPU
		{47F8BAD7-332C-4463-8AA1-5BC7F9B3A663}.Debug|Any CPU.ActiveCfg = Debug|Any CPU
		{47F8BAD7-332C-4463-8AA1-5BC7F9B3A663}.Debug|Any CPU.Build.0 = Debug|Any CPU
		{47F8BAD7-332C-4463-8AA1-5BC7F9B3A663}.Debug|Mixed Platforms.ActiveCfg = Debug|Any CPU
		{47F8BAD7-332C-4463-8AA1-5BC7F9B3A663}.Debug|Mixed Platforms.Build.0 = Debug|Any CPU
		{47F8BAD7-332C-4463-8AA1-5BC7F9B3A663}.Debug|x86.ActiveCfg = Debug|Any CPU
		{47F8BAD7-332C-4463-8AA1-5BC7F9B3A663}.Default|Any CPU.ActiveCfg = Default|Any CPU
		{47F8BAD7-332C-4463-8AA1-5BC7F9B3A663}.Default|Any CPU.Build.0 = Default|Any CPU
		{47F8BAD7-332C-4463-8AA1-5BC7F9B3A663}.Default|Mixed Platforms.ActiveCfg = Default|Any CPU
		{47F8BAD7-332C-4463-8AA1-5BC7F9B3A663}.Default|Mixed Platforms.Build.0 = Default|Any CPU
		{47F8BAD7-332C-4463-8AA1-5BC7F9B3A663}.Default|x86.ActiveCfg = Default|Any CPU
		{47F8BAD7-332C-4463-8AA1-5BC7F9B3A663}.Demo|Any CPU.ActiveCfg = Debug|Any CPU
		{47F8BAD7-332C-4463-8AA1-5BC7F9B3A663}.Demo|Any CPU.Build.0 = Debug|Any CPU
		{47F8BAD7-332C-4463-8AA1-5BC7F9B3A663}.Demo|Mixed Platforms.ActiveCfg = Debug|Any CPU
		{47F8BAD7-332C-4463-8AA1-5BC7F9B3A663}.Demo|Mixed Platforms.Build.0 = Debug|Any CPU
		{47F8BAD7-332C-4463-8AA1-5BC7F9B3A663}.Demo|x86.ActiveCfg = Debug|Any CPU
		{47F8BAD7-332C-4463-8AA1-5BC7F9B3A663}.MobileDev|Any CPU.ActiveCfg = Release|Any CPU
		{47F8BAD7-332C-4463-8AA1-5BC7F9B3A663}.MobileDev|Any CPU.Build.0 = Release|Any CPU
		{47F8BAD7-332C-4463-8AA1-5BC7F9B3A663}.MobileDev|Mixed Platforms.ActiveCfg = Release|Any CPU
		{47F8BAD7-332C-4463-8AA1-5BC7F9B3A663}.MobileDev|Mixed Platforms.Build.0 = Release|Any CPU
		{47F8BAD7-332C-4463-8AA1-5BC7F9B3A663}.MobileDev|x86.ActiveCfg = Release|Any CPU
		{47F8BAD7-332C-4463-8AA1-5BC7F9B3A663}.Release|Any CPU.ActiveCfg = Release|Any CPU
		{47F8BAD7-332C-4463-8AA1-5BC7F9B3A663}.Release|Any CPU.Build.0 = Release|Any CPU
		{47F8BAD7-332C-4463-8AA1-5BC7F9B3A663}.Release|Mixed Platforms.ActiveCfg = Release|Any CPU
		{47F8BAD7-332C-4463-8AA1-5BC7F9B3A663}.Release|Mixed Platforms.Build.0 = Release|Any CPU
		{47F8BAD7-332C-4463-8AA1-5BC7F9B3A663}.Release|x86.ActiveCfg = Release|Any CPU
		{66E98657-D742-4775-82A3-9B02BB17B035}.Debug|Any CPU.ActiveCfg = Debug|x86
		{66E98657-D742-4775-82A3-9B02BB17B035}.Debug|Mixed Platforms.ActiveCfg = Debug|x86
		{66E98657-D742-4775-82A3-9B02BB17B035}.Debug|Mixed Platforms.Build.0 = Debug|x86
		{66E98657-D742-4775-82A3-9B02BB17B035}.Debug|x86.ActiveCfg = Debug|x86
		{66E98657-D742-4775-82A3-9B02BB17B035}.Debug|x86.Build.0 = Debug|x86
		{66E98657-D742-4775-82A3-9B02BB17B035}.Default|Any CPU.ActiveCfg = Debug|x86
		{66E98657-D742-4775-82A3-9B02BB17B035}.Default|Mixed Platforms.ActiveCfg = Debug|x86
		{66E98657-D742-4775-82A3-9B02BB17B035}.Default|Mixed Platforms.Build.0 = Debug|x86
		{66E98657-D742-4775-82A3-9B02BB17B035}.Default|x86.ActiveCfg = Debug|x86
		{66E98657-D742-4775-82A3-9B02BB17B035}.Default|x86.Build.0 = Debug|x86
		{66E98657-D742-4775-82A3-9B02BB17B035}.Demo|Any CPU.ActiveCfg = Debug|x86
		{66E98657-D742-4775-82A3-9B02BB17B035}.Demo|Mixed Platforms.ActiveCfg = Debug|x86
		{66E98657-D742-4775-82A3-9B02BB17B035}.Demo|Mixed Platforms.Build.0 = Debug|x86
		{66E98657-D742-4775-82A3-9B02BB17B035}.Demo|x86.ActiveCfg = Debug|x86
		{66E98657-D742-4775-82A3-9B02BB17B035}.Demo|x86.Build.0 = Debug|x86
		{66E98657-D742-4775-82A3-9B02BB17B035}.MobileDev|Any CPU.ActiveCfg = Release|x86
		{66E98657-D742-4775-82A3-9B02BB17B035}.MobileDev|Mixed Platforms.ActiveCfg = Release|x86
		{66E98657-D742-4775-82A3-9B02BB17B035}.MobileDev|Mixed Platforms.Build.0 = Release|x86
		{66E98657-D742-4775-82A3-9B02BB17B035}.MobileDev|x86.ActiveCfg = Release|x86
		{66E98657-D742-4775-82A3-9B02BB17B035}.MobileDev|x86.Build.0 = Release|x86
		{66E98657-D742-4775-82A3-9B02BB17B035}.Release|Any CPU.ActiveCfg = Release|x86
		{66E98657-D742-4775-82A3-9B02BB17B035}.Release|Mixed Platforms.ActiveCfg = Release|x86
		{66E98657-D742-4775-82A3-9B02BB17B035}.Release|Mixed Platforms.Build.0 = Release|x86
		{66E98657-D742-4775-82A3-9B02BB17B035}.Release|x86.ActiveCfg = Release|x86
		{66E98657-D742-4775-82A3-9B02BB17B035}.Release|x86.Build.0 = Release|x86
		{91086100-C634-450F-A560-4B5EFCBBF8E6}.Debug|Any CPU.ActiveCfg = Debug|x86
		{91086100-C634-450F-A560-4B5EFCBBF8E6}.Debug|Any CPU.Build.0 = Debug|x86
		{91086100-C634-450F-A560-4B5EFCBBF8E6}.Debug|Mixed Platforms.ActiveCfg = Debug|x86
		{91086100-C634-450F-A560-4B5EFCBBF8E6}.Debug|Mixed Platforms.Build.0 = Debug|x86
		{91086100-C634-450F-A560-4B5EFCBBF8E6}.Debug|x86.ActiveCfg = Debug|x86
		{91086100-C634-450F-A560-4B5EFCBBF8E6}.Debug|x86.Build.0 = Debug|x86
		{91086100-C634-450F-A560-4B5EFCBBF8E6}.Default|Any CPU.ActiveCfg = Debug|x86
		{91086100-C634-450F-A560-4B5EFCBBF8E6}.Default|Mixed Platforms.ActiveCfg = Debug|x86
		{91086100-C634-450F-A560-4B5EFCBBF8E6}.Default|Mixed Platforms.Build.0 = Debug|x86
		{91086100-C634-450F-A560-4B5EFCBBF8E6}.Default|x86.ActiveCfg = Debug|x86
		{91086100-C634-450F-A560-4B5EFCBBF8E6}.Default|x86.Build.0 = Debug|x86
		{91086100-C634-450F-A560-4B5EFCBBF8E6}.Demo|Any CPU.ActiveCfg = Debug|x86
		{91086100-C634-450F-A560-4B5EFCBBF8E6}.Demo|Mixed Platforms.ActiveCfg = Debug|x86
		{91086100-C634-450F-A560-4B5EFCBBF8E6}.Demo|Mixed Platforms.Build.0 = Debug|x86
		{91086100-C634-450F-A560-4B5EFCBBF8E6}.Demo|x86.ActiveCfg = Debug|x86
		{91086100-C634-450F-A560-4B5EFCBBF8E6}.Demo|x86.Build.0 = Debug|x86
		{91086100-C634-450F-A560-4B5EFCBBF8E6}.MobileDev|Any CPU.ActiveCfg = Release|x86
		{91086100-C634-450F-A560-4B5EFCBBF8E6}.MobileDev|Mixed Platforms.ActiveCfg = Release|x86
		{91086100-C634-450F-A560-4B5EFCBBF8E6}.MobileDev|Mixed Platforms.Build.0 = Release|x86
		{91086100-C634-450F-A560-4B5EFCBBF8E6}.MobileDev|x86.ActiveCfg = Release|x86
		{91086100-C634-450F-A560-4B5EFCBBF8E6}.MobileDev|x86.Build.0 = Release|x86
		{91086100-C634-450F-A560-4B5EFCBBF8E6}.Release|Any CPU.ActiveCfg = Release|x86
		{91086100-C634-450F-A560-4B5EFCBBF8E6}.Release|Mixed Platforms.ActiveCfg = Release|x86
		{91086100-C634-450F-A560-4B5EFCBBF8E6}.Release|Mixed Platforms.Build.0 = Release|x86
		{91086100-C634-450F-A560-4B5EFCBBF8E6}.Release|x86.ActiveCfg = Release|x86
		{91086100-C634-450F-A560-4B5EFCBBF8E6}.Release|x86.Build.0 = Release|x86
		{47E9D680-C10C-46B6-BDC8-68CEFC037AFE}.Debug|Any CPU.ActiveCfg = Debug|x86
		{47E9D680-C10C-46B6-BDC8-68CEFC037AFE}.Debug|Any CPU.Build.0 = Debug|x86
		{47E9D680-C10C-46B6-BDC8-68CEFC037AFE}.Debug|Mixed Platforms.ActiveCfg = Debug|x86
		{47E9D680-C10C-46B6-BDC8-68CEFC037AFE}.Debug|Mixed Platforms.Build.0 = Debug|x86
		{47E9D680-C10C-46B6-BDC8-68CEFC037AFE}.Debug|x86.ActiveCfg = Debug|x86
		{47E9D680-C10C-46B6-BDC8-68CEFC037AFE}.Debug|x86.Build.0 = Debug|x86
		{47E9D680-C10C-46B6-BDC8-68CEFC037AFE}.Default|Any CPU.ActiveCfg = Debug|x86
		{47E9D680-C10C-46B6-BDC8-68CEFC037AFE}.Default|Mixed Platforms.ActiveCfg = Debug|x86
		{47E9D680-C10C-46B6-BDC8-68CEFC037AFE}.Default|Mixed Platforms.Build.0 = Debug|x86
		{47E9D680-C10C-46B6-BDC8-68CEFC037AFE}.Default|x86.ActiveCfg = Debug|x86
		{47E9D680-C10C-46B6-BDC8-68CEFC037AFE}.Default|x86.Build.0 = Debug|x86
		{47E9D680-C10C-46B6-BDC8-68CEFC037AFE}.Demo|Any CPU.ActiveCfg = Debug|x86
		{47E9D680-C10C-46B6-BDC8-68CEFC037AFE}.Demo|Mixed Platforms.ActiveCfg = Debug|x86
		{47E9D680-C10C-46B6-BDC8-68CEFC037AFE}.Demo|Mixed Platforms.Build.0 = Debug|x86
		{47E9D680-C10C-46B6-BDC8-68CEFC037AFE}.Demo|x86.ActiveCfg = Debug|x86
		{47E9D680-C10C-46B6-BDC8-68CEFC037AFE}.Demo|x86.Build.0 = Debug|x86
		{47E9D680-C10C-46B6-BDC8-68CEFC037AFE}.MobileDev|Any CPU.ActiveCfg = Release|x86
		{47E9D680-C10C-46B6-BDC8-68CEFC037AFE}.MobileDev|Mixed Platforms.ActiveCfg = Release|x86
		{47E9D680-C10C-46B6-BDC8-68CEFC037AFE}.MobileDev|Mixed Platforms.Build.0 = Release|x86
		{47E9D680-C10C-46B6-BDC8-68CEFC037AFE}.MobileDev|x86.ActiveCfg = Release|x86
		{47E9D680-C10C-46B6-BDC8-68CEFC037AFE}.MobileDev|x86.Build.0 = Release|x86
		{47E9D680-C10C-46B6-BDC8-68CEFC037AFE}.Release|Any CPU.ActiveCfg = Release|x86
		{47E9D680-C10C-46B6-BDC8-68CEFC037AFE}.Release|Mixed Platforms.ActiveCfg = Release|x86
		{47E9D680-C10C-46B6-BDC8-68CEFC037AFE}.Release|Mixed Platforms.Build.0 = Release|x86
		{47E9D680-C10C-46B6-BDC8-68CEFC037AFE}.Release|x86.ActiveCfg = Release|x86
		{47E9D680-C10C-46B6-BDC8-68CEFC037AFE}.Release|x86.Build.0 = Release|x86
		{9E46E6C4-6EBA-443D-BC20-7AD213D52BCF}.Debug|Any CPU.ActiveCfg = Debug|Any CPU
		{9E46E6C4-6EBA-443D-BC20-7AD213D52BCF}.Debug|Any CPU.Build.0 = Debug|Any CPU
		{9E46E6C4-6EBA-443D-BC20-7AD213D52BCF}.Debug|Mixed Platforms.ActiveCfg = Debug|Any CPU
		{9E46E6C4-6EBA-443D-BC20-7AD213D52BCF}.Debug|Mixed Platforms.Build.0 = Debug|Any CPU
		{9E46E6C4-6EBA-443D-BC20-7AD213D52BCF}.Debug|x86.ActiveCfg = Debug|Any CPU
		{9E46E6C4-6EBA-443D-BC20-7AD213D52BCF}.Default|Any CPU.ActiveCfg = Debug|Any CPU
		{9E46E6C4-6EBA-443D-BC20-7AD213D52BCF}.Default|Any CPU.Build.0 = Debug|Any CPU
		{9E46E6C4-6EBA-443D-BC20-7AD213D52BCF}.Default|Mixed Platforms.ActiveCfg = Debug|Any CPU
		{9E46E6C4-6EBA-443D-BC20-7AD213D52BCF}.Default|Mixed Platforms.Build.0 = Debug|Any CPU
		{9E46E6C4-6EBA-443D-BC20-7AD213D52BCF}.Default|x86.ActiveCfg = Debug|Any CPU
		{9E46E6C4-6EBA-443D-BC20-7AD213D52BCF}.Demo|Any CPU.ActiveCfg = Debug|Any CPU
		{9E46E6C4-6EBA-443D-BC20-7AD213D52BCF}.Demo|Any CPU.Build.0 = Debug|Any CPU
		{9E46E6C4-6EBA-443D-BC20-7AD213D52BCF}.Demo|Mixed Platforms.ActiveCfg = Debug|Any CPU
		{9E46E6C4-6EBA-443D-BC20-7AD213D52BCF}.Demo|Mixed Platforms.Build.0 = Debug|Any CPU
		{9E46E6C4-6EBA-443D-BC20-7AD213D52BCF}.Demo|x86.ActiveCfg = Debug|Any CPU
		{9E46E6C4-6EBA-443D-BC20-7AD213D52BCF}.MobileDev|Any CPU.ActiveCfg = Release|Any CPU
		{9E46E6C4-6EBA-443D-BC20-7AD213D52BCF}.MobileDev|Any CPU.Build.0 = Release|Any CPU
		{9E46E6C4-6EBA-443D-BC20-7AD213D52BCF}.MobileDev|Mixed Platforms.ActiveCfg = Release|Any CPU
		{9E46E6C4-6EBA-443D-BC20-7AD213D52BCF}.MobileDev|Mixed Platforms.Build.0 = Release|Any CPU
		{9E46E6C4-6EBA-443D-BC20-7AD213D52BCF}.MobileDev|x86.ActiveCfg = Release|Any CPU
		{9E46E6C4-6EBA-443D-BC20-7AD213D52BCF}.Release|Any CPU.ActiveCfg = Release|Any CPU
		{9E46E6C4-6EBA-443D-BC20-7AD213D52BCF}.Release|Any CPU.Build.0 = Release|Any CPU
		{9E46E6C4-6EBA-443D-BC20-7AD213D52BCF}.Release|Mixed Platforms.ActiveCfg = Release|Any CPU
		{9E46E6C4-6EBA-443D-BC20-7AD213D52BCF}.Release|Mixed Platforms.Build.0 = Release|Any CPU
		{9E46E6C4-6EBA-443D-BC20-7AD213D52BCF}.Release|x86.ActiveCfg = Release|Any CPU
		{DAFE844A-E5C9-4D6D-82B9-3D977D0FA40A}.Debug|Any CPU.ActiveCfg = Debug|x86
		{DAFE844A-E5C9-4D6D-82B9-3D977D0FA40A}.Debug|Any CPU.Build.0 = Debug|x86
		{DAFE844A-E5C9-4D6D-82B9-3D977D0FA40A}.Debug|Mixed Platforms.ActiveCfg = Debug|x86
		{DAFE844A-E5C9-4D6D-82B9-3D977D0FA40A}.Debug|Mixed Platforms.Build.0 = Debug|x86
		{DAFE844A-E5C9-4D6D-82B9-3D977D0FA40A}.Debug|x86.ActiveCfg = Debug|x86
		{DAFE844A-E5C9-4D6D-82B9-3D977D0FA40A}.Debug|x86.Build.0 = Debug|x86
		{DAFE844A-E5C9-4D6D-82B9-3D977D0FA40A}.Default|Any CPU.ActiveCfg = Debug|x86
		{DAFE844A-E5C9-4D6D-82B9-3D977D0FA40A}.Default|Mixed Platforms.ActiveCfg = Debug|x86
		{DAFE844A-E5C9-4D6D-82B9-3D977D0FA40A}.Default|Mixed Platforms.Build.0 = Debug|x86
		{DAFE844A-E5C9-4D6D-82B9-3D977D0FA40A}.Default|x86.ActiveCfg = Debug|x86
		{DAFE844A-E5C9-4D6D-82B9-3D977D0FA40A}.Default|x86.Build.0 = Debug|x86
		{DAFE844A-E5C9-4D6D-82B9-3D977D0FA40A}.Demo|Any CPU.ActiveCfg = Debug|x86
		{DAFE844A-E5C9-4D6D-82B9-3D977D0FA40A}.Demo|Mixed Platforms.ActiveCfg = Debug|x86
		{DAFE844A-E5C9-4D6D-82B9-3D977D0FA40A}.Demo|Mixed Platforms.Build.0 = Debug|x86
		{DAFE844A-E5C9-4D6D-82B9-3D977D0FA40A}.Demo|x86.ActiveCfg = Debug|x86
		{DAFE844A-E5C9-4D6D-82B9-3D977D0FA40A}.Demo|x86.Build.0 = Debug|x86
		{DAFE844A-E5C9-4D6D-82B9-3D977D0FA40A}.MobileDev|Any CPU.ActiveCfg = Release|x86
		{DAFE844A-E5C9-4D6D-82B9-3D977D0FA40A}.MobileDev|Mixed Platforms.ActiveCfg = Release|x86
		{DAFE844A-E5C9-4D6D-82B9-3D977D0FA40A}.MobileDev|Mixed Platforms.Build.0 = Release|x86
		{DAFE844A-E5C9-4D6D-82B9-3D977D0FA40A}.MobileDev|x86.ActiveCfg = Release|x86
		{DAFE844A-E5C9-4D6D-82B9-3D977D0FA40A}.MobileDev|x86.Build.0 = Release|x86
		{DAFE844A-E5C9-4D6D-82B9-3D977D0FA40A}.Release|Any CPU.ActiveCfg = Release|x86
		{DAFE844A-E5C9-4D6D-82B9-3D977D0FA40A}.Release|Mixed Platforms.ActiveCfg = Release|x86
		{DAFE844A-E5C9-4D6D-82B9-3D977D0FA40A}.Release|Mixed Platforms.Build.0 = Release|x86
		{DAFE844A-E5C9-4D6D-82B9-3D977D0FA40A}.Release|x86.ActiveCfg = Release|x86
		{DAFE844A-E5C9-4D6D-82B9-3D977D0FA40A}.Release|x86.Build.0 = Release|x86
		{3CE8F652-0478-4863-A9DD-9986315F55AB}.Debug|Any CPU.ActiveCfg = Debug|Any CPU
		{3CE8F652-0478-4863-A9DD-9986315F55AB}.Debug|Any CPU.Build.0 = Debug|Any CPU
		{3CE8F652-0478-4863-A9DD-9986315F55AB}.Debug|Mixed Platforms.ActiveCfg = Debug|Any CPU
		{3CE8F652-0478-4863-A9DD-9986315F55AB}.Debug|Mixed Platforms.Build.0 = Debug|Any CPU
		{3CE8F652-0478-4863-A9DD-9986315F55AB}.Debug|x86.ActiveCfg = Debug|Any CPU
		{3CE8F652-0478-4863-A9DD-9986315F55AB}.Default|Any CPU.ActiveCfg = Debug|Any CPU
		{3CE8F652-0478-4863-A9DD-9986315F55AB}.Default|Any CPU.Build.0 = Debug|Any CPU
		{3CE8F652-0478-4863-A9DD-9986315F55AB}.Default|Mixed Platforms.ActiveCfg = Debug|Any CPU
		{3CE8F652-0478-4863-A9DD-9986315F55AB}.Default|Mixed Platforms.Build.0 = Debug|Any CPU
		{3CE8F652-0478-4863-A9DD-9986315F55AB}.Default|x86.ActiveCfg = Debug|Any CPU
		{3CE8F652-0478-4863-A9DD-9986315F55AB}.Demo|Any CPU.ActiveCfg = Debug|Any CPU
		{3CE8F652-0478-4863-A9DD-9986315F55AB}.Demo|Any CPU.Build.0 = Debug|Any CPU
		{3CE8F652-0478-4863-A9DD-9986315F55AB}.Demo|Mixed Platforms.ActiveCfg = Debug|Any CPU
		{3CE8F652-0478-4863-A9DD-9986315F55AB}.Demo|Mixed Platforms.Build.0 = Debug|Any CPU
		{3CE8F652-0478-4863-A9DD-9986315F55AB}.Demo|x86.ActiveCfg = Debug|Any CPU
		{3CE8F652-0478-4863-A9DD-9986315F55AB}.MobileDev|Any CPU.ActiveCfg = Release|Any CPU
		{3CE8F652-0478-4863-A9DD-9986315F55AB}.MobileDev|Any CPU.Build.0 = Release|Any CPU
		{3CE8F652-0478-4863-A9DD-9986315F55AB}.MobileDev|Mixed Platforms.ActiveCfg = Release|Any CPU
		{3CE8F652-0478-4863-A9DD-9986315F55AB}.MobileDev|Mixed Platforms.Build.0 = Release|Any CPU
		{3CE8F652-0478-4863-A9DD-9986315F55AB}.MobileDev|x86.ActiveCfg = Release|Any CPU
		{3CE8F652-0478-4863-A9DD-9986315F55AB}.Release|Any CPU.ActiveCfg = Release|Any CPU
		{3CE8F652-0478-4863-A9DD-9986315F55AB}.Release|Any CPU.Build.0 = Release|Any CPU
		{3CE8F652-0478-4863-A9DD-9986315F55AB}.Release|Mixed Platforms.ActiveCfg = Release|Any CPU
		{3CE8F652-0478-4863-A9DD-9986315F55AB}.Release|Mixed Platforms.Build.0 = Release|Any CPU
		{3CE8F652-0478-4863-A9DD-9986315F55AB}.Release|x86.ActiveCfg = Release|Any CPU
		{D9A14BFC-001F-46DB-8F0B-8A81017D0D27}.Debug|Any CPU.ActiveCfg = Debug|Any CPU
		{D9A14BFC-001F-46DB-8F0B-8A81017D0D27}.Debug|Any CPU.Build.0 = Debug|Any CPU
		{D9A14BFC-001F-46DB-8F0B-8A81017D0D27}.Debug|Mixed Platforms.ActiveCfg = Debug|Any CPU
		{D9A14BFC-001F-46DB-8F0B-8A81017D0D27}.Debug|Mixed Platforms.Build.0 = Debug|Any CPU
		{D9A14BFC-001F-46DB-8F0B-8A81017D0D27}.Debug|x86.ActiveCfg = Debug|Any CPU
		{D9A14BFC-001F-46DB-8F0B-8A81017D0D27}.Default|Any CPU.ActiveCfg = Debug|Any CPU
		{D9A14BFC-001F-46DB-8F0B-8A81017D0D27}.Default|Any CPU.Build.0 = Debug|Any CPU
		{D9A14BFC-001F-46DB-8F0B-8A81017D0D27}.Default|Mixed Platforms.ActiveCfg = Debug|Any CPU
		{D9A14BFC-001F-46DB-8F0B-8A81017D0D27}.Default|Mixed Platforms.Build.0 = Debug|Any CPU
		{D9A14BFC-001F-46DB-8F0B-8A81017D0D27}.Default|x86.ActiveCfg = Debug|Any CPU
		{D9A14BFC-001F-46DB-8F0B-8A81017D0D27}.Demo|Any CPU.ActiveCfg = Debug|Any CPU
		{D9A14BFC-001F-46DB-8F0B-8A81017D0D27}.Demo|Any CPU.Build.0 = Debug|Any CPU
		{D9A14BFC-001F-46DB-8F0B-8A81017D0D27}.Demo|Mixed Platforms.ActiveCfg = Debug|Any CPU
		{D9A14BFC-001F-46DB-8F0B-8A81017D0D27}.Demo|Mixed Platforms.Build.0 = Debug|Any CPU
		{D9A14BFC-001F-46DB-8F0B-8A81017D0D27}.Demo|x86.ActiveCfg = Debug|Any CPU
		{D9A14BFC-001F-46DB-8F0B-8A81017D0D27}.MobileDev|Any CPU.ActiveCfg = Release|Any CPU
		{D9A14BFC-001F-46DB-8F0B-8A81017D0D27}.MobileDev|Any CPU.Build.0 = Release|Any CPU
		{D9A14BFC-001F-46DB-8F0B-8A81017D0D27}.MobileDev|Mixed Platforms.ActiveCfg = Release|Any CPU
		{D9A14BFC-001F-46DB-8F0B-8A81017D0D27}.MobileDev|Mixed Platforms.Build.0 = Release|Any CPU
		{D9A14BFC-001F-46DB-8F0B-8A81017D0D27}.MobileDev|x86.ActiveCfg = Release|Any CPU
		{D9A14BFC-001F-46DB-8F0B-8A81017D0D27}.Release|Any CPU.ActiveCfg = Release|Any CPU
		{D9A14BFC-001F-46DB-8F0B-8A81017D0D27}.Release|Any CPU.Build.0 = Release|Any CPU
		{D9A14BFC-001F-46DB-8F0B-8A81017D0D27}.Release|Mixed Platforms.ActiveCfg = Release|Any CPU
		{D9A14BFC-001F-46DB-8F0B-8A81017D0D27}.Release|Mixed Platforms.Build.0 = Release|Any CPU
		{D9A14BFC-001F-46DB-8F0B-8A81017D0D27}.Release|x86.ActiveCfg = Release|Any CPU
		{16254768-97F8-457E-ACC8-0FA6315436EE}.Debug|Any CPU.ActiveCfg = Debug|Any CPU
		{16254768-97F8-457E-ACC8-0FA6315436EE}.Debug|Any CPU.Build.0 = Debug|Any CPU
		{16254768-97F8-457E-ACC8-0FA6315436EE}.Debug|Mixed Platforms.ActiveCfg = Debug|Any CPU
		{16254768-97F8-457E-ACC8-0FA6315436EE}.Debug|Mixed Platforms.Build.0 = Debug|Any CPU
		{16254768-97F8-457E-ACC8-0FA6315436EE}.Debug|x86.ActiveCfg = Debug|Any CPU
		{16254768-97F8-457E-ACC8-0FA6315436EE}.Default|Any CPU.ActiveCfg = Debug|Any CPU
		{16254768-97F8-457E-ACC8-0FA6315436EE}.Default|Any CPU.Build.0 = Debug|Any CPU
		{16254768-97F8-457E-ACC8-0FA6315436EE}.Default|Mixed Platforms.ActiveCfg = Debug|Any CPU
		{16254768-97F8-457E-ACC8-0FA6315436EE}.Default|Mixed Platforms.Build.0 = Debug|Any CPU
		{16254768-97F8-457E-ACC8-0FA6315436EE}.Default|x86.ActiveCfg = Debug|Any CPU
		{16254768-97F8-457E-ACC8-0FA6315436EE}.Demo|Any CPU.ActiveCfg = Debug|Any CPU
		{16254768-97F8-457E-ACC8-0FA6315436EE}.Demo|Any CPU.Build.0 = Debug|Any CPU
		{16254768-97F8-457E-ACC8-0FA6315436EE}.Demo|Mixed Platforms.ActiveCfg = Debug|Any CPU
		{16254768-97F8-457E-ACC8-0FA6315436EE}.Demo|Mixed Platforms.Build.0 = Debug|Any CPU
		{16254768-97F8-457E-ACC8-0FA6315436EE}.Demo|x86.ActiveCfg = Debug|Any CPU
		{16254768-97F8-457E-ACC8-0FA6315436EE}.MobileDev|Any CPU.ActiveCfg = Release|Any CPU
		{16254768-97F8-457E-ACC8-0FA6315436EE}.MobileDev|Any CPU.Build.0 = Release|Any CPU
		{16254768-97F8-457E-ACC8-0FA6315436EE}.MobileDev|Mixed Platforms.ActiveCfg = Release|Any CPU
		{16254768-97F8-457E-ACC8-0FA6315436EE}.MobileDev|Mixed Platforms.Build.0 = Release|Any CPU
		{16254768-97F8-457E-ACC8-0FA6315436EE}.MobileDev|x86.ActiveCfg = Release|Any CPU
		{16254768-97F8-457E-ACC8-0FA6315436EE}.Release|Any CPU.ActiveCfg = Release|Any CPU
		{16254768-97F8-457E-ACC8-0FA6315436EE}.Release|Any CPU.Build.0 = Release|Any CPU
		{16254768-97F8-457E-ACC8-0FA6315436EE}.Release|Mixed Platforms.ActiveCfg = Release|Any CPU
		{16254768-97F8-457E-ACC8-0FA6315436EE}.Release|Mixed Platforms.Build.0 = Release|Any CPU
		{16254768-97F8-457E-ACC8-0FA6315436EE}.Release|x86.ActiveCfg = Release|Any CPU
		{B6362A98-B4C0-4729-AFE8-04F93F1B6C79}.Debug|Any CPU.ActiveCfg = Debug|Any CPU
		{B6362A98-B4C0-4729-AFE8-04F93F1B6C79}.Debug|Any CPU.Build.0 = Debug|Any CPU
		{B6362A98-B4C0-4729-AFE8-04F93F1B6C79}.Debug|Mixed Platforms.ActiveCfg = Debug|Any CPU
		{B6362A98-B4C0-4729-AFE8-04F93F1B6C79}.Debug|Mixed Platforms.Build.0 = Debug|Any CPU
		{B6362A98-B4C0-4729-AFE8-04F93F1B6C79}.Debug|x86.ActiveCfg = Debug|Any CPU
		{B6362A98-B4C0-4729-AFE8-04F93F1B6C79}.Default|Any CPU.ActiveCfg = Debug|Any CPU
		{B6362A98-B4C0-4729-AFE8-04F93F1B6C79}.Default|Any CPU.Build.0 = Debug|Any CPU
		{B6362A98-B4C0-4729-AFE8-04F93F1B6C79}.Default|Mixed Platforms.ActiveCfg = Debug|Any CPU
		{B6362A98-B4C0-4729-AFE8-04F93F1B6C79}.Default|Mixed Platforms.Build.0 = Debug|Any CPU
		{B6362A98-B4C0-4729-AFE8-04F93F1B6C79}.Default|x86.ActiveCfg = Debug|Any CPU
		{B6362A98-B4C0-4729-AFE8-04F93F1B6C79}.Demo|Any CPU.ActiveCfg = Debug|Any CPU
		{B6362A98-B4C0-4729-AFE8-04F93F1B6C79}.Demo|Any CPU.Build.0 = Debug|Any CPU
		{B6362A98-B4C0-4729-AFE8-04F93F1B6C79}.Demo|Mixed Platforms.ActiveCfg = Debug|Any CPU
		{B6362A98-B4C0-4729-AFE8-04F93F1B6C79}.Demo|Mixed Platforms.Build.0 = Debug|Any CPU
		{B6362A98-B4C0-4729-AFE8-04F93F1B6C79}.Demo|x86.ActiveCfg = Debug|Any CPU
		{B6362A98-B4C0-4729-AFE8-04F93F1B6C79}.MobileDev|Any CPU.ActiveCfg = Release|Any CPU
		{B6362A98-B4C0-4729-AFE8-04F93F1B6C79}.MobileDev|Any CPU.Build.0 = Release|Any CPU
		{B6362A98-B4C0-4729-AFE8-04F93F1B6C79}.MobileDev|Mixed Platforms.ActiveCfg = Release|Any CPU
		{B6362A98-B4C0-4729-AFE8-04F93F1B6C79}.MobileDev|Mixed Platforms.Build.0 = Release|Any CPU
		{B6362A98-B4C0-4729-AFE8-04F93F1B6C79}.MobileDev|x86.ActiveCfg = Release|Any CPU
		{B6362A98-B4C0-4729-AFE8-04F93F1B6C79}.Release|Any CPU.ActiveCfg = Release|Any CPU
		{B6362A98-B4C0-4729-AFE8-04F93F1B6C79}.Release|Any CPU.Build.0 = Release|Any CPU
		{B6362A98-B4C0-4729-AFE8-04F93F1B6C79}.Release|Mixed Platforms.ActiveCfg = Release|Any CPU
		{B6362A98-B4C0-4729-AFE8-04F93F1B6C79}.Release|Mixed Platforms.Build.0 = Release|Any CPU
		{B6362A98-B4C0-4729-AFE8-04F93F1B6C79}.Release|x86.ActiveCfg = Release|Any CPU
		{130ACD72-B533-45A4-AF3D-1CB69C53ACEF}.Debug|Any CPU.ActiveCfg = Debug|Any CPU
		{130ACD72-B533-45A4-AF3D-1CB69C53ACEF}.Debug|Any CPU.Build.0 = Debug|Any CPU
		{130ACD72-B533-45A4-AF3D-1CB69C53ACEF}.Debug|Mixed Platforms.ActiveCfg = Debug|Any CPU
		{130ACD72-B533-45A4-AF3D-1CB69C53ACEF}.Debug|Mixed Platforms.Build.0 = Debug|Any CPU
		{130ACD72-B533-45A4-AF3D-1CB69C53ACEF}.Debug|x86.ActiveCfg = Debug|Any CPU
		{130ACD72-B533-45A4-AF3D-1CB69C53ACEF}.Default|Any CPU.ActiveCfg = Debug|Any CPU
		{130ACD72-B533-45A4-AF3D-1CB69C53ACEF}.Default|Any CPU.Build.0 = Debug|Any CPU
		{130ACD72-B533-45A4-AF3D-1CB69C53ACEF}.Default|Mixed Platforms.ActiveCfg = Debug|Any CPU
		{130ACD72-B533-45A4-AF3D-1CB69C53ACEF}.Default|Mixed Platforms.Build.0 = Debug|Any CPU
		{130ACD72-B533-45A4-AF3D-1CB69C53ACEF}.Default|x86.ActiveCfg = Debug|Any CPU
		{130ACD72-B533-45A4-AF3D-1CB69C53ACEF}.Demo|Any CPU.ActiveCfg = Debug|Any CPU
		{130ACD72-B533-45A4-AF3D-1CB69C53ACEF}.Demo|Any CPU.Build.0 = Debug|Any CPU
		{130ACD72-B533-45A4-AF3D-1CB69C53ACEF}.Demo|Mixed Platforms.ActiveCfg = Debug|Any CPU
		{130ACD72-B533-45A4-AF3D-1CB69C53ACEF}.Demo|Mixed Platforms.Build.0 = Debug|Any CPU
		{130ACD72-B533-45A4-AF3D-1CB69C53ACEF}.Demo|x86.ActiveCfg = Debug|Any CPU
		{130ACD72-B533-45A4-AF3D-1CB69C53ACEF}.MobileDev|Any CPU.ActiveCfg = Release|Any CPU
		{130ACD72-B533-45A4-AF3D-1CB69C53ACEF}.MobileDev|Any CPU.Build.0 = Release|Any CPU
		{130ACD72-B533-45A4-AF3D-1CB69C53ACEF}.MobileDev|Mixed Platforms.ActiveCfg = Release|Any CPU
		{130ACD72-B533-45A4-AF3D-1CB69C53ACEF}.MobileDev|Mixed Platforms.Build.0 = Release|Any CPU
		{130ACD72-B533-45A4-AF3D-1CB69C53ACEF}.MobileDev|x86.ActiveCfg = Release|Any CPU
		{130ACD72-B533-45A4-AF3D-1CB69C53ACEF}.Release|Any CPU.ActiveCfg = Release|Any CPU
		{130ACD72-B533-45A4-AF3D-1CB69C53ACEF}.Release|Any CPU.Build.0 = Release|Any CPU
		{130ACD72-B533-45A4-AF3D-1CB69C53ACEF}.Release|Mixed Platforms.ActiveCfg = Release|Any CPU
		{130ACD72-B533-45A4-AF3D-1CB69C53ACEF}.Release|Mixed Platforms.Build.0 = Release|Any CPU
		{130ACD72-B533-45A4-AF3D-1CB69C53ACEF}.Release|x86.ActiveCfg = Release|Any CPU
		{2EEBBD3F-C066-4990-8154-26E287464E09}.Debug|Any CPU.ActiveCfg = Debug|Any CPU
		{2EEBBD3F-C066-4990-8154-26E287464E09}.Debug|Any CPU.Build.0 = Debug|Any CPU
		{2EEBBD3F-C066-4990-8154-26E287464E09}.Debug|Mixed Platforms.ActiveCfg = Debug|Any CPU
		{2EEBBD3F-C066-4990-8154-26E287464E09}.Debug|Mixed Platforms.Build.0 = Debug|Any CPU
		{2EEBBD3F-C066-4990-8154-26E287464E09}.Debug|x86.ActiveCfg = Debug|Any CPU
		{2EEBBD3F-C066-4990-8154-26E287464E09}.Default|Any CPU.ActiveCfg = Debug|Any CPU
		{2EEBBD3F-C066-4990-8154-26E287464E09}.Default|Any CPU.Build.0 = Debug|Any CPU
		{2EEBBD3F-C066-4990-8154-26E287464E09}.Default|Mixed Platforms.ActiveCfg = Debug|Any CPU
		{2EEBBD3F-C066-4990-8154-26E287464E09}.Default|Mixed Platforms.Build.0 = Debug|Any CPU
		{2EEBBD3F-C066-4990-8154-26E287464E09}.Default|x86.ActiveCfg = Debug|Any CPU
		{2EEBBD3F-C066-4990-8154-26E287464E09}.Demo|Any CPU.ActiveCfg = Debug|Any CPU
		{2EEBBD3F-C066-4990-8154-26E287464E09}.Demo|Any CPU.Build.0 = Debug|Any CPU
		{2EEBBD3F-C066-4990-8154-26E287464E09}.Demo|Mixed Platforms.ActiveCfg = Debug|Any CPU
		{2EEBBD3F-C066-4990-8154-26E287464E09}.Demo|Mixed Platforms.Build.0 = Debug|Any CPU
		{2EEBBD3F-C066-4990-8154-26E287464E09}.Demo|x86.ActiveCfg = Debug|Any CPU
		{2EEBBD3F-C066-4990-8154-26E287464E09}.MobileDev|Any CPU.ActiveCfg = Release|Any CPU
		{2EEBBD3F-C066-4990-8154-26E287464E09}.MobileDev|Any CPU.Build.0 = Release|Any CPU
		{2EEBBD3F-C066-4990-8154-26E287464E09}.MobileDev|Mixed Platforms.ActiveCfg = Release|Any CPU
		{2EEBBD3F-C066-4990-8154-26E287464E09}.MobileDev|Mixed Platforms.Build.0 = Release|Any CPU
		{2EEBBD3F-C066-4990-8154-26E287464E09}.MobileDev|x86.ActiveCfg = Release|Any CPU
		{2EEBBD3F-C066-4990-8154-26E287464E09}.Release|Any CPU.ActiveCfg = Release|Any CPU
		{2EEBBD3F-C066-4990-8154-26E287464E09}.Release|Any CPU.Build.0 = Release|Any CPU
		{2EEBBD3F-C066-4990-8154-26E287464E09}.Release|Mixed Platforms.ActiveCfg = Release|Any CPU
		{2EEBBD3F-C066-4990-8154-26E287464E09}.Release|Mixed Platforms.Build.0 = Release|Any CPU
		{2EEBBD3F-C066-4990-8154-26E287464E09}.Release|x86.ActiveCfg = Release|Any CPU
	EndGlobalSection
	GlobalSection(SolutionProperties) = preSolution
		HideSolutionNode = FALSE
	EndGlobalSection
	GlobalSection(NestedProjects) = preSolution
		{6AFEF057-8D02-4F3C-AC41-6815E9CFD15A} = {9589D070-E5C0-415E-B2D6-2AC6A25E7832}
		{F271963F-10B1-4495-B047-BD5A977ED187} = {9589D070-E5C0-415E-B2D6-2AC6A25E7832}
		{02377ADB-F40D-4AD0-B8A8-95810CB55047} = {9589D070-E5C0-415E-B2D6-2AC6A25E7832}
		{3CE8F652-0478-4863-A9DD-9986315F55AB} = {9589D070-E5C0-415E-B2D6-2AC6A25E7832}
		{D9A14BFC-001F-46DB-8F0B-8A81017D0D27} = {9589D070-E5C0-415E-B2D6-2AC6A25E7832}
		{16254768-97F8-457E-ACC8-0FA6315436EE} = {9589D070-E5C0-415E-B2D6-2AC6A25E7832}
		{B6362A98-B4C0-4729-AFE8-04F93F1B6C79} = {9589D070-E5C0-415E-B2D6-2AC6A25E7832}
		{2EEBBD3F-C066-4990-8154-26E287464E09} = {9589D070-E5C0-415E-B2D6-2AC6A25E7832}
		{45FF71E8-CA94-4ED4-8058-D29BB2DE052D} = {8DC0E577-3416-41FD-80BA-11DDE04C1BAE}
		{FFBAFDB9-201D-42BB-8BA4-A5F6180F0333} = {0CE13F71-3913-4C34-863E-FF1A7788C177}
		{47F8BAD7-332C-4463-8AA1-5BC7F9B3A663} = {0CE13F71-3913-4C34-863E-FF1A7788C177}
		{66E98657-D742-4775-82A3-9B02BB17B035} = {0CE13F71-3913-4C34-863E-FF1A7788C177}
		{91086100-C634-450F-A560-4B5EFCBBF8E6} = {0CE13F71-3913-4C34-863E-FF1A7788C177}
		{DAFE844A-E5C9-4D6D-82B9-3D977D0FA40A} = {0CE13F71-3913-4C34-863E-FF1A7788C177}
		{47E9D680-C10C-46B6-BDC8-68CEFC037AFE} = {45FF71E8-CA94-4ED4-8058-D29BB2DE052D}
		{9E46E6C4-6EBA-443D-BC20-7AD213D52BCF} = {45FF71E8-CA94-4ED4-8058-D29BB2DE052D}
	EndGlobalSection
EndGlobal
