
Microsoft Visual Studio Solution File, Format Version 11.00
# Visual Web Developer Express 2010
Project("{FAE04EC0-301F-11D3-BF4B-00C04F79EFBC}") = "UtilityLibrary.Desktop", "Libraries\UtilityLibrary\Desktop\UtilityLibrary.Desktop.csproj", "{E937EE2D-064B-4EDA-9E81-7E7F509A784A}"
EndProject
Project("{FAE04EC0-301F-11D3-BF4B-00C04F79EFBC}") = "ModuleLibrary.Silverlight", "Libraries\ModuleLibrary\Silverlight\ModuleLibrary.Silverlight.csproj", "{EDF3DE51-8D39-4E53-9154-A18DDA989DA9}"
EndProject
Project("{FAE04EC0-301F-11D3-BF4B-00C04F79EFBC}") = "PrismContrib.Silverlight", "Libraries\PrismContrib\Silverlight\PrismContrib.Silverlight.csproj", "{04C08B97-3D9E-4BB4-B0EC-6AE035105BF8}"
EndProject
Project("{FAE04EC0-301F-11D3-BF4B-00C04F79EFBC}") = "UtilityLibrary.Silverlight", "Libraries\UtilityLibrary\Silverlight\UtilityLibrary.Silverlight.csproj", "{EA853599-4781-4BD2-8EC7-61E893520A23}"
EndProject
Project("{FAE04EC0-301F-11D3-BF4B-00C04F79EFBC}") = "MappingModule.Silverlight", "Modules\Mapping\Silverlight\MappingModule.Silverlight.csproj", "{ABD639A6-E306-4C15-BB2E-CDA458AA7761}"
EndProject
Project("{FAE04EC0-301F-11D3-BF4B-00C04F79EFBC}") = "Spinner.Silverlight", "Modules\Spinner\Silverlight\Spinner.Silverlight.csproj", "{E257A89A-0F74-4DC9-94FB-8AE38D5C46FB}"
EndProject
Project("{FAE04EC0-301F-11D3-BF4B-00C04F79EFBC}") = "Modelling.Silverlight", "Modules\RDSWIPModelling\Modelling.Silverlight.csproj", "{C5891409-8F76-4B5E-8EB9-C35B89796131}"
EndProject
Project("{FAE04EC0-301F-11D3-BF4B-00C04F79EFBC}") = "Details.Silverlight", "Modules\Details\Silverlight\Details.Silverlight.csproj", "{E27058A1-26FF-49A7-AF8B-408B9F18ED16}"
EndProject
Project("{FAE04EC0-301F-11D3-BF4B-00C04F79EFBC}") = "Menu.Silverlight", "Modules\Menu\Silverlight\Menu.Silverlight.csproj", "{021999F9-1E99-401B-9C7C-21C331434F02}"
EndProject
Project("{FAE04EC0-301F-11D3-BF4B-00C04F79EFBC}") = "Search.Silverlight", "Modules\Search\Silverlight\Search.Silverlight.csproj", "{75EF777B-DBF0-4B7C-ACCC-40F6264A4C5A}"
EndProject
Project("{FAE04EC0-301F-11D3-BF4B-00C04F79EFBC}") = "Status.Silverlight", "Modules\Status\Silverlight\Status.Silverlight.csproj", "{713819B0-F4EB-497C-AF98-C2BA616B01B4}"
EndProject
Project("{FAE04EC0-301F-11D3-BF4B-00C04F79EFBC}") = "Popup.Silverlight", "Modules\Popup\Silverlight\Popup.Silverlight.csproj", "{D739BBC0-4F1C-40CB-97C8-7AF571688B7C}"
EndProject
Project("{FAE04EC0-301F-11D3-BF4B-00C04F79EFBC}") = "ContextMenu.Silverlight", "Modules\ContextMenu\Silverlight\ContextMenu.Silverlight.csproj", "{AF76DFF8-2267-4370-83D3-FE254B774C3D}"
EndProject
Project("{FAE04EC0-301F-11D3-BF4B-00C04F79EFBC}") = "TemplateEditor.Silverlight", "Modules\TemplateEditor\Silverlight\TemplateEditor.Silverlight.csproj", "{B5B94B38-4901-4D3F-859E-E157623501D9}"
EndProject
Project("{FAE04EC0-301F-11D3-BF4B-00C04F79EFBC}") = "iRINGLibrary.Desktop", "Libraries\iRINGLibrary\Desktop\iRINGLibrary.Desktop.csproj", "{46FB3942-D0A5-4BFF-97B0-739E56BFB111}"
EndProject
Project("{FAE04EC0-301F-11D3-BF4B-00C04F79EFBC}") = "iRINGLibrary.Silverlight", "Libraries\iRINGLibrary\Silverlight\iRINGLibrary.Silverlight.csproj", "{748B993D-4F65-4A39-B865-6A7D5412C4BA}"
EndProject
Project("{FAE04EC0-301F-11D3-BF4B-00C04F79EFBC}") = "AdapterLibrary", "Libraries\AdapterLibrary\AdapterLibrary.csproj", "{6AFEF057-8D02-4F3C-AC41-6815E9CFD15A}"
EndProject
Project("{FAE04EC0-301F-11D3-BF4B-00C04F79EFBC}") = "Edits.Silverlight", "Modules\Edits\Silverlight\Edits.Silverlight\Edits.Silverlight.csproj", "{48C20C15-3E83-47C8-87F3-C5EA0D389528}"
EndProject
Project("{FAE04EC0-301F-11D3-BF4B-00C04F79EFBC}") = "PrismContrib.Desktop", "Libraries\PrismContrib\Desktop\PrismContrib.Desktop.csproj", "{1A611244-54BE-4F12-AA34-12F54A2B07E6}"
EndProject
Project("{FAE04EC0-301F-11D3-BF4B-00C04F79EFBC}") = "RdfImportExport", "Utilities\RdfImportExport\RdfImportExport\RdfImportExport.csproj", "{FFBAFDB9-201D-42BB-8BA4-A5F6180F0333}"
EndProject
Project("{FAE04EC0-301F-11D3-BF4B-00C04F79EFBC}") = "ReferenceDataLibrary", "Libraries\ReferenceDataLibrary\ReferenceDataLibrary.csproj", "{F271963F-10B1-4495-B047-BD5A977ED187}"
EndProject
Project("{FAE04EC0-301F-11D3-BF4B-00C04F79EFBC}") = "NHibernateLibrary", "Libraries\NHibernateLibrary\NHibernateLibrary.csproj", "{02377ADB-F40D-4AD0-B8A8-95810CB55047}"
EndProject
Project("{FAE04EC0-301F-11D3-BF4B-00C04F79EFBC}") = "ApplicationEditor.Silverlight", "Applications\ApplicationEditor\ApplicationEditor.Silverlight.csproj", "{2AD28296-22DA-465F-90AA-6538661B3F86}"
EndProject
Project("{FAE04EC0-301F-11D3-BF4B-00C04F79EFBC}") = "ReferenceDataEditor.Silverlight", "Applications\ReferenceDataEditor\ReferenceDataEditor.Silverlight.csproj", "{965B155F-23B5-4650-8CEF-2B36A1B6F843}"
EndProject
Project("{FAE04EC0-301F-11D3-BF4B-00C04F79EFBC}") = "iRINGTools.Services", "iRINGTools.Services\iRINGTools.Services.csproj", "{F1FB051C-DFBD-4017-A248-9BE61D26EA70}"
EndProject
Project("{FAE04EC0-301F-11D3-BF4B-00C04F79EFBC}") = "iRINGTools.Applications", "iRINGTools.Applications\iRINGTools.Applications.csproj", "{130ACD72-B533-45A4-AF3D-1CB69C53ACEF}"
EndProject
Project("{FAE04EC0-301F-11D3-BF4B-00C04F79EFBC}") = "EncryptCredentials", "Utilities\EncryptCredentials\EncryptCredentials.csproj", "{47F8BAD7-332C-4463-8AA1-5BC7F9B3A663}"
EndProject
Project("{FAE04EC0-301F-11D3-BF4B-00C04F79EFBC}") = "MappingEditor.Silverlight", "Applications\MappingEditor\MappingEditor.Silverlight.csproj", "{4549FEAF-A62B-4126-9D6D-10D1DB543466}"
EndProject
Project("{FAE04EC0-301F-11D3-BF4B-00C04F79EFBC}") = "ExcelLibrary", "Libraries\ExcelLibrary\ExcelLibrary\ExcelLibrary.csproj", "{4DDB5151-FE9D-4041-BA46-63486D7DA32D}"
EndProject
Global
	GlobalSection(SolutionConfigurationPlatforms) = preSolution
		Debug|Any CPU = Debug|Any CPU
		Debug|Mixed Platforms = Debug|Mixed Platforms
		Debug|x86 = Debug|x86
		Default|Any CPU = Default|Any CPU
		Default|Mixed Platforms = Default|Mixed Platforms
		Default|x86 = Default|x86
		Demo|Any CPU = Demo|Any CPU
		Demo|Mixed Platforms = Demo|Mixed Platforms
		Demo|x86 = Demo|x86
		MobileDev|Any CPU = MobileDev|Any CPU
		MobileDev|Mixed Platforms = MobileDev|Mixed Platforms
		MobileDev|x86 = MobileDev|x86
		Release|Any CPU = Release|Any CPU
		Release|Mixed Platforms = Release|Mixed Platforms
		Release|x86 = Release|x86
	EndGlobalSection
	GlobalSection(ProjectConfigurationPlatforms) = postSolution
		{E937EE2D-064B-4EDA-9E81-7E7F509A784A}.Debug|Any CPU.ActiveCfg = Debug|Any CPU
		{E937EE2D-064B-4EDA-9E81-7E7F509A784A}.Debug|Any CPU.Build.0 = Debug|Any CPU
		{E937EE2D-064B-4EDA-9E81-7E7F509A784A}.Debug|Mixed Platforms.ActiveCfg = Debug|Any CPU
		{E937EE2D-064B-4EDA-9E81-7E7F509A784A}.Debug|Mixed Platforms.Build.0 = Debug|Any CPU
		{E937EE2D-064B-4EDA-9E81-7E7F509A784A}.Debug|x86.ActiveCfg = Debug|Any CPU
		{E937EE2D-064B-4EDA-9E81-7E7F509A784A}.Default|Any CPU.ActiveCfg = Default|Any CPU
		{E937EE2D-064B-4EDA-9E81-7E7F509A784A}.Default|Any CPU.Build.0 = Default|Any CPU
		{E937EE2D-064B-4EDA-9E81-7E7F509A784A}.Default|Mixed Platforms.ActiveCfg = Default|Any CPU
		{E937EE2D-064B-4EDA-9E81-7E7F509A784A}.Default|Mixed Platforms.Build.0 = Default|Any CPU
		{E937EE2D-064B-4EDA-9E81-7E7F509A784A}.Default|x86.ActiveCfg = Default|Any CPU
		{E937EE2D-064B-4EDA-9E81-7E7F509A784A}.Demo|Any CPU.ActiveCfg = Default|Any CPU
		{E937EE2D-064B-4EDA-9E81-7E7F509A784A}.Demo|Any CPU.Build.0 = Default|Any CPU
		{E937EE2D-064B-4EDA-9E81-7E7F509A784A}.Demo|Mixed Platforms.ActiveCfg = Default|Any CPU
		{E937EE2D-064B-4EDA-9E81-7E7F509A784A}.Demo|Mixed Platforms.Build.0 = Default|Any CPU
		{E937EE2D-064B-4EDA-9E81-7E7F509A784A}.Demo|x86.ActiveCfg = Default|Any CPU
		{E937EE2D-064B-4EDA-9E81-7E7F509A784A}.MobileDev|Any CPU.ActiveCfg = Default|Any CPU
		{E937EE2D-064B-4EDA-9E81-7E7F509A784A}.MobileDev|Any CPU.Build.0 = Default|Any CPU
		{E937EE2D-064B-4EDA-9E81-7E7F509A784A}.MobileDev|Mixed Platforms.ActiveCfg = Default|Any CPU
		{E937EE2D-064B-4EDA-9E81-7E7F509A784A}.MobileDev|Mixed Platforms.Build.0 = Default|Any CPU
		{E937EE2D-064B-4EDA-9E81-7E7F509A784A}.MobileDev|x86.ActiveCfg = Default|Any CPU
		{E937EE2D-064B-4EDA-9E81-7E7F509A784A}.Release|Any CPU.ActiveCfg = Release|Any CPU
		{E937EE2D-064B-4EDA-9E81-7E7F509A784A}.Release|Any CPU.Build.0 = Release|Any CPU
		{E937EE2D-064B-4EDA-9E81-7E7F509A784A}.Release|Mixed Platforms.ActiveCfg = Release|Any CPU
		{E937EE2D-064B-4EDA-9E81-7E7F509A784A}.Release|Mixed Platforms.Build.0 = Release|Any CPU
		{E937EE2D-064B-4EDA-9E81-7E7F509A784A}.Release|x86.ActiveCfg = Release|Any CPU
		{EDF3DE51-8D39-4E53-9154-A18DDA989DA9}.Debug|Any CPU.ActiveCfg = Debug|Any CPU
		{EDF3DE51-8D39-4E53-9154-A18DDA989DA9}.Debug|Any CPU.Build.0 = Debug|Any CPU
		{EDF3DE51-8D39-4E53-9154-A18DDA989DA9}.Debug|Mixed Platforms.ActiveCfg = Debug|Any CPU
		{EDF3DE51-8D39-4E53-9154-A18DDA989DA9}.Debug|Mixed Platforms.Build.0 = Debug|Any CPU
		{EDF3DE51-8D39-4E53-9154-A18DDA989DA9}.Debug|x86.ActiveCfg = Debug|Any CPU
		{EDF3DE51-8D39-4E53-9154-A18DDA989DA9}.Default|Any CPU.ActiveCfg = Default|Any CPU
		{EDF3DE51-8D39-4E53-9154-A18DDA989DA9}.Default|Any CPU.Build.0 = Default|Any CPU
		{EDF3DE51-8D39-4E53-9154-A18DDA989DA9}.Default|Mixed Platforms.ActiveCfg = Default|Any CPU
		{EDF3DE51-8D39-4E53-9154-A18DDA989DA9}.Default|Mixed Platforms.Build.0 = Default|Any CPU
		{EDF3DE51-8D39-4E53-9154-A18DDA989DA9}.Default|x86.ActiveCfg = Default|Any CPU
		{EDF3DE51-8D39-4E53-9154-A18DDA989DA9}.Demo|Any CPU.ActiveCfg = Default|Any CPU
		{EDF3DE51-8D39-4E53-9154-A18DDA989DA9}.Demo|Any CPU.Build.0 = Default|Any CPU
		{EDF3DE51-8D39-4E53-9154-A18DDA989DA9}.Demo|Mixed Platforms.ActiveCfg = Default|Any CPU
		{EDF3DE51-8D39-4E53-9154-A18DDA989DA9}.Demo|Mixed Platforms.Build.0 = Default|Any CPU
		{EDF3DE51-8D39-4E53-9154-A18DDA989DA9}.Demo|x86.ActiveCfg = Default|Any CPU
		{EDF3DE51-8D39-4E53-9154-A18DDA989DA9}.MobileDev|Any CPU.ActiveCfg = Default|Any CPU
		{EDF3DE51-8D39-4E53-9154-A18DDA989DA9}.MobileDev|Any CPU.Build.0 = Default|Any CPU
		{EDF3DE51-8D39-4E53-9154-A18DDA989DA9}.MobileDev|Mixed Platforms.ActiveCfg = Default|Any CPU
		{EDF3DE51-8D39-4E53-9154-A18DDA989DA9}.MobileDev|Mixed Platforms.Build.0 = Default|Any CPU
		{EDF3DE51-8D39-4E53-9154-A18DDA989DA9}.MobileDev|x86.ActiveCfg = Default|Any CPU
		{EDF3DE51-8D39-4E53-9154-A18DDA989DA9}.Release|Any CPU.ActiveCfg = Release|Any CPU
		{EDF3DE51-8D39-4E53-9154-A18DDA989DA9}.Release|Any CPU.Build.0 = Release|Any CPU
		{EDF3DE51-8D39-4E53-9154-A18DDA989DA9}.Release|Mixed Platforms.ActiveCfg = Release|Any CPU
		{EDF3DE51-8D39-4E53-9154-A18DDA989DA9}.Release|Mixed Platforms.Build.0 = Release|Any CPU
		{EDF3DE51-8D39-4E53-9154-A18DDA989DA9}.Release|x86.ActiveCfg = Release|Any CPU
		{04C08B97-3D9E-4BB4-B0EC-6AE035105BF8}.Debug|Any CPU.ActiveCfg = Debug|Any CPU
		{04C08B97-3D9E-4BB4-B0EC-6AE035105BF8}.Debug|Any CPU.Build.0 = Debug|Any CPU
		{04C08B97-3D9E-4BB4-B0EC-6AE035105BF8}.Debug|Mixed Platforms.ActiveCfg = Debug|Any CPU
		{04C08B97-3D9E-4BB4-B0EC-6AE035105BF8}.Debug|Mixed Platforms.Build.0 = Debug|Any CPU
		{04C08B97-3D9E-4BB4-B0EC-6AE035105BF8}.Debug|x86.ActiveCfg = Debug|Any CPU
		{04C08B97-3D9E-4BB4-B0EC-6AE035105BF8}.Default|Any CPU.ActiveCfg = Default|Any CPU
		{04C08B97-3D9E-4BB4-B0EC-6AE035105BF8}.Default|Any CPU.Build.0 = Default|Any CPU
		{04C08B97-3D9E-4BB4-B0EC-6AE035105BF8}.Default|Mixed Platforms.ActiveCfg = Default|Any CPU
		{04C08B97-3D9E-4BB4-B0EC-6AE035105BF8}.Default|Mixed Platforms.Build.0 = Default|Any CPU
		{04C08B97-3D9E-4BB4-B0EC-6AE035105BF8}.Default|x86.ActiveCfg = Default|Any CPU
		{04C08B97-3D9E-4BB4-B0EC-6AE035105BF8}.Demo|Any CPU.ActiveCfg = Demo|Any CPU
		{04C08B97-3D9E-4BB4-B0EC-6AE035105BF8}.Demo|Any CPU.Build.0 = Demo|Any CPU
		{04C08B97-3D9E-4BB4-B0EC-6AE035105BF8}.Demo|Mixed Platforms.ActiveCfg = Demo|Any CPU
		{04C08B97-3D9E-4BB4-B0EC-6AE035105BF8}.Demo|Mixed Platforms.Build.0 = Demo|Any CPU
		{04C08B97-3D9E-4BB4-B0EC-6AE035105BF8}.Demo|x86.ActiveCfg = Demo|Any CPU
		{04C08B97-3D9E-4BB4-B0EC-6AE035105BF8}.MobileDev|Any CPU.ActiveCfg = MobileDev|Any CPU
		{04C08B97-3D9E-4BB4-B0EC-6AE035105BF8}.MobileDev|Any CPU.Build.0 = MobileDev|Any CPU
		{04C08B97-3D9E-4BB4-B0EC-6AE035105BF8}.MobileDev|Mixed Platforms.ActiveCfg = MobileDev|Any CPU
		{04C08B97-3D9E-4BB4-B0EC-6AE035105BF8}.MobileDev|Mixed Platforms.Build.0 = MobileDev|Any CPU
		{04C08B97-3D9E-4BB4-B0EC-6AE035105BF8}.MobileDev|x86.ActiveCfg = MobileDev|Any CPU
		{04C08B97-3D9E-4BB4-B0EC-6AE035105BF8}.Release|Any CPU.ActiveCfg = Release|Any CPU
		{04C08B97-3D9E-4BB4-B0EC-6AE035105BF8}.Release|Any CPU.Build.0 = Release|Any CPU
		{04C08B97-3D9E-4BB4-B0EC-6AE035105BF8}.Release|Mixed Platforms.ActiveCfg = Release|Any CPU
		{04C08B97-3D9E-4BB4-B0EC-6AE035105BF8}.Release|Mixed Platforms.Build.0 = Release|Any CPU
		{04C08B97-3D9E-4BB4-B0EC-6AE035105BF8}.Release|x86.ActiveCfg = Release|Any CPU
		{EA853599-4781-4BD2-8EC7-61E893520A23}.Debug|Any CPU.ActiveCfg = Debug|Any CPU
		{EA853599-4781-4BD2-8EC7-61E893520A23}.Debug|Any CPU.Build.0 = Debug|Any CPU
		{EA853599-4781-4BD2-8EC7-61E893520A23}.Debug|Mixed Platforms.ActiveCfg = Debug|Any CPU
		{EA853599-4781-4BD2-8EC7-61E893520A23}.Debug|Mixed Platforms.Build.0 = Debug|Any CPU
		{EA853599-4781-4BD2-8EC7-61E893520A23}.Debug|x86.ActiveCfg = Debug|Any CPU
		{EA853599-4781-4BD2-8EC7-61E893520A23}.Default|Any CPU.ActiveCfg = Default|Any CPU
		{EA853599-4781-4BD2-8EC7-61E893520A23}.Default|Any CPU.Build.0 = Default|Any CPU
		{EA853599-4781-4BD2-8EC7-61E893520A23}.Default|Mixed Platforms.ActiveCfg = Default|Any CPU
		{EA853599-4781-4BD2-8EC7-61E893520A23}.Default|Mixed Platforms.Build.0 = Default|Any CPU
		{EA853599-4781-4BD2-8EC7-61E893520A23}.Default|x86.ActiveCfg = Default|Any CPU
		{EA853599-4781-4BD2-8EC7-61E893520A23}.Demo|Any CPU.ActiveCfg = Default|Any CPU
		{EA853599-4781-4BD2-8EC7-61E893520A23}.Demo|Any CPU.Build.0 = Default|Any CPU
		{EA853599-4781-4BD2-8EC7-61E893520A23}.Demo|Mixed Platforms.ActiveCfg = Default|Any CPU
		{EA853599-4781-4BD2-8EC7-61E893520A23}.Demo|Mixed Platforms.Build.0 = Default|Any CPU
		{EA853599-4781-4BD2-8EC7-61E893520A23}.Demo|x86.ActiveCfg = Default|Any CPU
		{EA853599-4781-4BD2-8EC7-61E893520A23}.MobileDev|Any CPU.ActiveCfg = Default|Any CPU
		{EA853599-4781-4BD2-8EC7-61E893520A23}.MobileDev|Any CPU.Build.0 = Default|Any CPU
		{EA853599-4781-4BD2-8EC7-61E893520A23}.MobileDev|Mixed Platforms.ActiveCfg = Default|Any CPU
		{EA853599-4781-4BD2-8EC7-61E893520A23}.MobileDev|Mixed Platforms.Build.0 = Default|Any CPU
		{EA853599-4781-4BD2-8EC7-61E893520A23}.MobileDev|x86.ActiveCfg = Default|Any CPU
		{EA853599-4781-4BD2-8EC7-61E893520A23}.Release|Any CPU.ActiveCfg = Release|Any CPU
		{EA853599-4781-4BD2-8EC7-61E893520A23}.Release|Any CPU.Build.0 = Release|Any CPU
		{EA853599-4781-4BD2-8EC7-61E893520A23}.Release|Mixed Platforms.ActiveCfg = Release|Any CPU
		{EA853599-4781-4BD2-8EC7-61E893520A23}.Release|Mixed Platforms.Build.0 = Release|Any CPU
		{EA853599-4781-4BD2-8EC7-61E893520A23}.Release|x86.ActiveCfg = Release|Any CPU
		{ABD639A6-E306-4C15-BB2E-CDA458AA7761}.Debug|Any CPU.ActiveCfg = Debug|Any CPU
		{ABD639A6-E306-4C15-BB2E-CDA458AA7761}.Debug|Any CPU.Build.0 = Debug|Any CPU
		{ABD639A6-E306-4C15-BB2E-CDA458AA7761}.Debug|Mixed Platforms.ActiveCfg = Debug|Any CPU
		{ABD639A6-E306-4C15-BB2E-CDA458AA7761}.Debug|Mixed Platforms.Build.0 = Debug|Any CPU
		{ABD639A6-E306-4C15-BB2E-CDA458AA7761}.Debug|x86.ActiveCfg = Debug|Any CPU
		{ABD639A6-E306-4C15-BB2E-CDA458AA7761}.Default|Any CPU.ActiveCfg = Default|Any CPU
		{ABD639A6-E306-4C15-BB2E-CDA458AA7761}.Default|Any CPU.Build.0 = Default|Any CPU
		{ABD639A6-E306-4C15-BB2E-CDA458AA7761}.Default|Mixed Platforms.ActiveCfg = Default|Any CPU
		{ABD639A6-E306-4C15-BB2E-CDA458AA7761}.Default|Mixed Platforms.Build.0 = Default|Any CPU
		{ABD639A6-E306-4C15-BB2E-CDA458AA7761}.Default|x86.ActiveCfg = Default|Any CPU
		{ABD639A6-E306-4C15-BB2E-CDA458AA7761}.Demo|Any CPU.ActiveCfg = Default|Any CPU
		{ABD639A6-E306-4C15-BB2E-CDA458AA7761}.Demo|Any CPU.Build.0 = Default|Any CPU
		{ABD639A6-E306-4C15-BB2E-CDA458AA7761}.Demo|Mixed Platforms.ActiveCfg = Default|Any CPU
		{ABD639A6-E306-4C15-BB2E-CDA458AA7761}.Demo|Mixed Platforms.Build.0 = Default|Any CPU
		{ABD639A6-E306-4C15-BB2E-CDA458AA7761}.Demo|x86.ActiveCfg = Default|Any CPU
		{ABD639A6-E306-4C15-BB2E-CDA458AA7761}.MobileDev|Any CPU.ActiveCfg = Default|Any CPU
		{ABD639A6-E306-4C15-BB2E-CDA458AA7761}.MobileDev|Any CPU.Build.0 = Default|Any CPU
		{ABD639A6-E306-4C15-BB2E-CDA458AA7761}.MobileDev|Mixed Platforms.ActiveCfg = Default|Any CPU
		{ABD639A6-E306-4C15-BB2E-CDA458AA7761}.MobileDev|Mixed Platforms.Build.0 = Default|Any CPU
		{ABD639A6-E306-4C15-BB2E-CDA458AA7761}.MobileDev|x86.ActiveCfg = Default|Any CPU
		{ABD639A6-E306-4C15-BB2E-CDA458AA7761}.Release|Any CPU.ActiveCfg = Release|Any CPU
		{ABD639A6-E306-4C15-BB2E-CDA458AA7761}.Release|Any CPU.Build.0 = Release|Any CPU
		{ABD639A6-E306-4C15-BB2E-CDA458AA7761}.Release|Mixed Platforms.ActiveCfg = Release|Any CPU
		{ABD639A6-E306-4C15-BB2E-CDA458AA7761}.Release|Mixed Platforms.Build.0 = Release|Any CPU
		{ABD639A6-E306-4C15-BB2E-CDA458AA7761}.Release|x86.ActiveCfg = Release|Any CPU
		{E257A89A-0F74-4DC9-94FB-8AE38D5C46FB}.Debug|Any CPU.ActiveCfg = Debug|Any CPU
		{E257A89A-0F74-4DC9-94FB-8AE38D5C46FB}.Debug|Any CPU.Build.0 = Debug|Any CPU
		{E257A89A-0F74-4DC9-94FB-8AE38D5C46FB}.Debug|Mixed Platforms.ActiveCfg = Debug|Any CPU
		{E257A89A-0F74-4DC9-94FB-8AE38D5C46FB}.Debug|Mixed Platforms.Build.0 = Debug|Any CPU
		{E257A89A-0F74-4DC9-94FB-8AE38D5C46FB}.Debug|x86.ActiveCfg = Debug|Any CPU
		{E257A89A-0F74-4DC9-94FB-8AE38D5C46FB}.Default|Any CPU.ActiveCfg = Default|Any CPU
		{E257A89A-0F74-4DC9-94FB-8AE38D5C46FB}.Default|Any CPU.Build.0 = Default|Any CPU
		{E257A89A-0F74-4DC9-94FB-8AE38D5C46FB}.Default|Mixed Platforms.ActiveCfg = Default|Any CPU
		{E257A89A-0F74-4DC9-94FB-8AE38D5C46FB}.Default|Mixed Platforms.Build.0 = Default|Any CPU
		{E257A89A-0F74-4DC9-94FB-8AE38D5C46FB}.Default|x86.ActiveCfg = Default|Any CPU
		{E257A89A-0F74-4DC9-94FB-8AE38D5C46FB}.Demo|Any CPU.ActiveCfg = Default|Any CPU
		{E257A89A-0F74-4DC9-94FB-8AE38D5C46FB}.Demo|Any CPU.Build.0 = Default|Any CPU
		{E257A89A-0F74-4DC9-94FB-8AE38D5C46FB}.Demo|Mixed Platforms.ActiveCfg = Default|Any CPU
		{E257A89A-0F74-4DC9-94FB-8AE38D5C46FB}.Demo|Mixed Platforms.Build.0 = Default|Any CPU
		{E257A89A-0F74-4DC9-94FB-8AE38D5C46FB}.Demo|x86.ActiveCfg = Default|Any CPU
		{E257A89A-0F74-4DC9-94FB-8AE38D5C46FB}.MobileDev|Any CPU.ActiveCfg = Default|Any CPU
		{E257A89A-0F74-4DC9-94FB-8AE38D5C46FB}.MobileDev|Any CPU.Build.0 = Default|Any CPU
		{E257A89A-0F74-4DC9-94FB-8AE38D5C46FB}.MobileDev|Mixed Platforms.ActiveCfg = Default|Any CPU
		{E257A89A-0F74-4DC9-94FB-8AE38D5C46FB}.MobileDev|Mixed Platforms.Build.0 = Default|Any CPU
		{E257A89A-0F74-4DC9-94FB-8AE38D5C46FB}.MobileDev|x86.ActiveCfg = Default|Any CPU
		{E257A89A-0F74-4DC9-94FB-8AE38D5C46FB}.Release|Any CPU.ActiveCfg = Release|Any CPU
		{E257A89A-0F74-4DC9-94FB-8AE38D5C46FB}.Release|Any CPU.Build.0 = Release|Any CPU
		{E257A89A-0F74-4DC9-94FB-8AE38D5C46FB}.Release|Mixed Platforms.ActiveCfg = Release|Any CPU
		{E257A89A-0F74-4DC9-94FB-8AE38D5C46FB}.Release|Mixed Platforms.Build.0 = Release|Any CPU
		{E257A89A-0F74-4DC9-94FB-8AE38D5C46FB}.Release|x86.ActiveCfg = Release|Any CPU
		{C5891409-8F76-4B5E-8EB9-C35B89796131}.Debug|Any CPU.ActiveCfg = Debug|Any CPU
		{C5891409-8F76-4B5E-8EB9-C35B89796131}.Debug|Any CPU.Build.0 = Debug|Any CPU
		{C5891409-8F76-4B5E-8EB9-C35B89796131}.Debug|Mixed Platforms.ActiveCfg = Debug|Any CPU
		{C5891409-8F76-4B5E-8EB9-C35B89796131}.Debug|Mixed Platforms.Build.0 = Debug|Any CPU
		{C5891409-8F76-4B5E-8EB9-C35B89796131}.Debug|x86.ActiveCfg = Debug|Any CPU
		{C5891409-8F76-4B5E-8EB9-C35B89796131}.Default|Any CPU.ActiveCfg = Default|Any CPU
		{C5891409-8F76-4B5E-8EB9-C35B89796131}.Default|Any CPU.Build.0 = Default|Any CPU
		{C5891409-8F76-4B5E-8EB9-C35B89796131}.Default|Mixed Platforms.ActiveCfg = Default|Any CPU
		{C5891409-8F76-4B5E-8EB9-C35B89796131}.Default|Mixed Platforms.Build.0 = Default|Any CPU
		{C5891409-8F76-4B5E-8EB9-C35B89796131}.Default|x86.ActiveCfg = Default|Any CPU
		{C5891409-8F76-4B5E-8EB9-C35B89796131}.Demo|Any CPU.ActiveCfg = Default|Any CPU
		{C5891409-8F76-4B5E-8EB9-C35B89796131}.Demo|Any CPU.Build.0 = Default|Any CPU
		{C5891409-8F76-4B5E-8EB9-C35B89796131}.Demo|Mixed Platforms.ActiveCfg = Default|Any CPU
		{C5891409-8F76-4B5E-8EB9-C35B89796131}.Demo|Mixed Platforms.Build.0 = Default|Any CPU
		{C5891409-8F76-4B5E-8EB9-C35B89796131}.Demo|x86.ActiveCfg = Default|Any CPU
		{C5891409-8F76-4B5E-8EB9-C35B89796131}.MobileDev|Any CPU.ActiveCfg = Default|Any CPU
		{C5891409-8F76-4B5E-8EB9-C35B89796131}.MobileDev|Any CPU.Build.0 = Default|Any CPU
		{C5891409-8F76-4B5E-8EB9-C35B89796131}.MobileDev|Mixed Platforms.ActiveCfg = Default|Any CPU
		{C5891409-8F76-4B5E-8EB9-C35B89796131}.MobileDev|Mixed Platforms.Build.0 = Default|Any CPU
		{C5891409-8F76-4B5E-8EB9-C35B89796131}.MobileDev|x86.ActiveCfg = Default|Any CPU
		{C5891409-8F76-4B5E-8EB9-C35B89796131}.Release|Any CPU.ActiveCfg = Release|Any CPU
		{C5891409-8F76-4B5E-8EB9-C35B89796131}.Release|Any CPU.Build.0 = Release|Any CPU
		{C5891409-8F76-4B5E-8EB9-C35B89796131}.Release|Mixed Platforms.ActiveCfg = Release|Any CPU
		{C5891409-8F76-4B5E-8EB9-C35B89796131}.Release|Mixed Platforms.Build.0 = Release|Any CPU
		{C5891409-8F76-4B5E-8EB9-C35B89796131}.Release|x86.ActiveCfg = Release|Any CPU
		{E27058A1-26FF-49A7-AF8B-408B9F18ED16}.Debug|Any CPU.ActiveCfg = Debug|Any CPU
		{E27058A1-26FF-49A7-AF8B-408B9F18ED16}.Debug|Any CPU.Build.0 = Debug|Any CPU
		{E27058A1-26FF-49A7-AF8B-408B9F18ED16}.Debug|Mixed Platforms.ActiveCfg = Debug|Any CPU
		{E27058A1-26FF-49A7-AF8B-408B9F18ED16}.Debug|Mixed Platforms.Build.0 = Debug|Any CPU
		{E27058A1-26FF-49A7-AF8B-408B9F18ED16}.Debug|x86.ActiveCfg = Debug|Any CPU
		{E27058A1-26FF-49A7-AF8B-408B9F18ED16}.Default|Any CPU.ActiveCfg = Default|Any CPU
		{E27058A1-26FF-49A7-AF8B-408B9F18ED16}.Default|Any CPU.Build.0 = Default|Any CPU
		{E27058A1-26FF-49A7-AF8B-408B9F18ED16}.Default|Mixed Platforms.ActiveCfg = Default|Any CPU
		{E27058A1-26FF-49A7-AF8B-408B9F18ED16}.Default|Mixed Platforms.Build.0 = Default|Any CPU
		{E27058A1-26FF-49A7-AF8B-408B9F18ED16}.Default|x86.ActiveCfg = Default|Any CPU
		{E27058A1-26FF-49A7-AF8B-408B9F18ED16}.Demo|Any CPU.ActiveCfg = Default|Any CPU
		{E27058A1-26FF-49A7-AF8B-408B9F18ED16}.Demo|Any CPU.Build.0 = Default|Any CPU
		{E27058A1-26FF-49A7-AF8B-408B9F18ED16}.Demo|Mixed Platforms.ActiveCfg = Default|Any CPU
		{E27058A1-26FF-49A7-AF8B-408B9F18ED16}.Demo|Mixed Platforms.Build.0 = Default|Any CPU
		{E27058A1-26FF-49A7-AF8B-408B9F18ED16}.Demo|x86.ActiveCfg = Default|Any CPU
		{E27058A1-26FF-49A7-AF8B-408B9F18ED16}.MobileDev|Any CPU.ActiveCfg = Default|Any CPU
		{E27058A1-26FF-49A7-AF8B-408B9F18ED16}.MobileDev|Any CPU.Build.0 = Default|Any CPU
		{E27058A1-26FF-49A7-AF8B-408B9F18ED16}.MobileDev|Mixed Platforms.ActiveCfg = Default|Any CPU
		{E27058A1-26FF-49A7-AF8B-408B9F18ED16}.MobileDev|Mixed Platforms.Build.0 = Default|Any CPU
		{E27058A1-26FF-49A7-AF8B-408B9F18ED16}.MobileDev|x86.ActiveCfg = Default|Any CPU
		{E27058A1-26FF-49A7-AF8B-408B9F18ED16}.Release|Any CPU.ActiveCfg = Release|Any CPU
		{E27058A1-26FF-49A7-AF8B-408B9F18ED16}.Release|Any CPU.Build.0 = Release|Any CPU
		{E27058A1-26FF-49A7-AF8B-408B9F18ED16}.Release|Mixed Platforms.ActiveCfg = Release|Any CPU
		{E27058A1-26FF-49A7-AF8B-408B9F18ED16}.Release|Mixed Platforms.Build.0 = Release|Any CPU
		{E27058A1-26FF-49A7-AF8B-408B9F18ED16}.Release|x86.ActiveCfg = Release|Any CPU
		{021999F9-1E99-401B-9C7C-21C331434F02}.Debug|Any CPU.ActiveCfg = Debug|Any CPU
		{021999F9-1E99-401B-9C7C-21C331434F02}.Debug|Any CPU.Build.0 = Debug|Any CPU
		{021999F9-1E99-401B-9C7C-21C331434F02}.Debug|Mixed Platforms.ActiveCfg = Debug|Any CPU
		{021999F9-1E99-401B-9C7C-21C331434F02}.Debug|Mixed Platforms.Build.0 = Debug|Any CPU
		{021999F9-1E99-401B-9C7C-21C331434F02}.Debug|x86.ActiveCfg = Debug|Any CPU
		{021999F9-1E99-401B-9C7C-21C331434F02}.Default|Any CPU.ActiveCfg = Default|Any CPU
		{021999F9-1E99-401B-9C7C-21C331434F02}.Default|Any CPU.Build.0 = Default|Any CPU
		{021999F9-1E99-401B-9C7C-21C331434F02}.Default|Mixed Platforms.ActiveCfg = Default|Any CPU
		{021999F9-1E99-401B-9C7C-21C331434F02}.Default|Mixed Platforms.Build.0 = Default|Any CPU
		{021999F9-1E99-401B-9C7C-21C331434F02}.Default|x86.ActiveCfg = Default|Any CPU
		{021999F9-1E99-401B-9C7C-21C331434F02}.Demo|Any CPU.ActiveCfg = Default|Any CPU
		{021999F9-1E99-401B-9C7C-21C331434F02}.Demo|Any CPU.Build.0 = Default|Any CPU
		{021999F9-1E99-401B-9C7C-21C331434F02}.Demo|Mixed Platforms.ActiveCfg = Default|Any CPU
		{021999F9-1E99-401B-9C7C-21C331434F02}.Demo|Mixed Platforms.Build.0 = Default|Any CPU
		{021999F9-1E99-401B-9C7C-21C331434F02}.Demo|x86.ActiveCfg = Default|Any CPU
		{021999F9-1E99-401B-9C7C-21C331434F02}.MobileDev|Any CPU.ActiveCfg = Default|Any CPU
		{021999F9-1E99-401B-9C7C-21C331434F02}.MobileDev|Any CPU.Build.0 = Default|Any CPU
		{021999F9-1E99-401B-9C7C-21C331434F02}.MobileDev|Mixed Platforms.ActiveCfg = Default|Any CPU
		{021999F9-1E99-401B-9C7C-21C331434F02}.MobileDev|Mixed Platforms.Build.0 = Default|Any CPU
		{021999F9-1E99-401B-9C7C-21C331434F02}.MobileDev|x86.ActiveCfg = Default|Any CPU
		{021999F9-1E99-401B-9C7C-21C331434F02}.Release|Any CPU.ActiveCfg = Release|Any CPU
		{021999F9-1E99-401B-9C7C-21C331434F02}.Release|Any CPU.Build.0 = Release|Any CPU
		{021999F9-1E99-401B-9C7C-21C331434F02}.Release|Mixed Platforms.ActiveCfg = Release|Any CPU
		{021999F9-1E99-401B-9C7C-21C331434F02}.Release|Mixed Platforms.Build.0 = Release|Any CPU
		{021999F9-1E99-401B-9C7C-21C331434F02}.Release|x86.ActiveCfg = Release|Any CPU
		{75EF777B-DBF0-4B7C-ACCC-40F6264A4C5A}.Debug|Any CPU.ActiveCfg = Debug|Any CPU
		{75EF777B-DBF0-4B7C-ACCC-40F6264A4C5A}.Debug|Any CPU.Build.0 = Debug|Any CPU
		{75EF777B-DBF0-4B7C-ACCC-40F6264A4C5A}.Debug|Mixed Platforms.ActiveCfg = Debug|Any CPU
		{75EF777B-DBF0-4B7C-ACCC-40F6264A4C5A}.Debug|Mixed Platforms.Build.0 = Debug|Any CPU
		{75EF777B-DBF0-4B7C-ACCC-40F6264A4C5A}.Debug|x86.ActiveCfg = Debug|Any CPU
		{75EF777B-DBF0-4B7C-ACCC-40F6264A4C5A}.Default|Any CPU.ActiveCfg = Default|Any CPU
		{75EF777B-DBF0-4B7C-ACCC-40F6264A4C5A}.Default|Any CPU.Build.0 = Default|Any CPU
		{75EF777B-DBF0-4B7C-ACCC-40F6264A4C5A}.Default|Mixed Platforms.ActiveCfg = Default|Any CPU
		{75EF777B-DBF0-4B7C-ACCC-40F6264A4C5A}.Default|Mixed Platforms.Build.0 = Default|Any CPU
		{75EF777B-DBF0-4B7C-ACCC-40F6264A4C5A}.Default|x86.ActiveCfg = Default|Any CPU
		{75EF777B-DBF0-4B7C-ACCC-40F6264A4C5A}.Demo|Any CPU.ActiveCfg = Default|Any CPU
		{75EF777B-DBF0-4B7C-ACCC-40F6264A4C5A}.Demo|Any CPU.Build.0 = Default|Any CPU
		{75EF777B-DBF0-4B7C-ACCC-40F6264A4C5A}.Demo|Mixed Platforms.ActiveCfg = Default|Any CPU
		{75EF777B-DBF0-4B7C-ACCC-40F6264A4C5A}.Demo|Mixed Platforms.Build.0 = Default|Any CPU
		{75EF777B-DBF0-4B7C-ACCC-40F6264A4C5A}.Demo|x86.ActiveCfg = Default|Any CPU
		{75EF777B-DBF0-4B7C-ACCC-40F6264A4C5A}.MobileDev|Any CPU.ActiveCfg = Default|Any CPU
		{75EF777B-DBF0-4B7C-ACCC-40F6264A4C5A}.MobileDev|Any CPU.Build.0 = Default|Any CPU
		{75EF777B-DBF0-4B7C-ACCC-40F6264A4C5A}.MobileDev|Mixed Platforms.ActiveCfg = Default|Any CPU
		{75EF777B-DBF0-4B7C-ACCC-40F6264A4C5A}.MobileDev|Mixed Platforms.Build.0 = Default|Any CPU
		{75EF777B-DBF0-4B7C-ACCC-40F6264A4C5A}.MobileDev|x86.ActiveCfg = Default|Any CPU
		{75EF777B-DBF0-4B7C-ACCC-40F6264A4C5A}.Release|Any CPU.ActiveCfg = Release|Any CPU
		{75EF777B-DBF0-4B7C-ACCC-40F6264A4C5A}.Release|Any CPU.Build.0 = Release|Any CPU
		{75EF777B-DBF0-4B7C-ACCC-40F6264A4C5A}.Release|Mixed Platforms.ActiveCfg = Release|Any CPU
		{75EF777B-DBF0-4B7C-ACCC-40F6264A4C5A}.Release|Mixed Platforms.Build.0 = Release|Any CPU
		{75EF777B-DBF0-4B7C-ACCC-40F6264A4C5A}.Release|x86.ActiveCfg = Release|Any CPU
		{713819B0-F4EB-497C-AF98-C2BA616B01B4}.Debug|Any CPU.ActiveCfg = Debug|Any CPU
		{713819B0-F4EB-497C-AF98-C2BA616B01B4}.Debug|Any CPU.Build.0 = Debug|Any CPU
		{713819B0-F4EB-497C-AF98-C2BA616B01B4}.Debug|Mixed Platforms.ActiveCfg = Debug|Any CPU
		{713819B0-F4EB-497C-AF98-C2BA616B01B4}.Debug|Mixed Platforms.Build.0 = Debug|Any CPU
		{713819B0-F4EB-497C-AF98-C2BA616B01B4}.Debug|x86.ActiveCfg = Debug|Any CPU
		{713819B0-F4EB-497C-AF98-C2BA616B01B4}.Default|Any CPU.ActiveCfg = Default|Any CPU
		{713819B0-F4EB-497C-AF98-C2BA616B01B4}.Default|Any CPU.Build.0 = Default|Any CPU
		{713819B0-F4EB-497C-AF98-C2BA616B01B4}.Default|Mixed Platforms.ActiveCfg = Default|Any CPU
		{713819B0-F4EB-497C-AF98-C2BA616B01B4}.Default|Mixed Platforms.Build.0 = Default|Any CPU
		{713819B0-F4EB-497C-AF98-C2BA616B01B4}.Default|x86.ActiveCfg = Default|Any CPU
		{713819B0-F4EB-497C-AF98-C2BA616B01B4}.Demo|Any CPU.ActiveCfg = Default|Any CPU
		{713819B0-F4EB-497C-AF98-C2BA616B01B4}.Demo|Any CPU.Build.0 = Default|Any CPU
		{713819B0-F4EB-497C-AF98-C2BA616B01B4}.Demo|Mixed Platforms.ActiveCfg = Default|Any CPU
		{713819B0-F4EB-497C-AF98-C2BA616B01B4}.Demo|Mixed Platforms.Build.0 = Default|Any CPU
		{713819B0-F4EB-497C-AF98-C2BA616B01B4}.Demo|x86.ActiveCfg = Default|Any CPU
		{713819B0-F4EB-497C-AF98-C2BA616B01B4}.MobileDev|Any CPU.ActiveCfg = Default|Any CPU
		{713819B0-F4EB-497C-AF98-C2BA616B01B4}.MobileDev|Any CPU.Build.0 = Default|Any CPU
		{713819B0-F4EB-497C-AF98-C2BA616B01B4}.MobileDev|Mixed Platforms.ActiveCfg = Default|Any CPU
		{713819B0-F4EB-497C-AF98-C2BA616B01B4}.MobileDev|Mixed Platforms.Build.0 = Default|Any CPU
		{713819B0-F4EB-497C-AF98-C2BA616B01B4}.MobileDev|x86.ActiveCfg = Default|Any CPU
		{713819B0-F4EB-497C-AF98-C2BA616B01B4}.Release|Any CPU.ActiveCfg = Release|Any CPU
		{713819B0-F4EB-497C-AF98-C2BA616B01B4}.Release|Any CPU.Build.0 = Release|Any CPU
		{713819B0-F4EB-497C-AF98-C2BA616B01B4}.Release|Mixed Platforms.ActiveCfg = Release|Any CPU
		{713819B0-F4EB-497C-AF98-C2BA616B01B4}.Release|Mixed Platforms.Build.0 = Release|Any CPU
		{713819B0-F4EB-497C-AF98-C2BA616B01B4}.Release|x86.ActiveCfg = Release|Any CPU
		{D739BBC0-4F1C-40CB-97C8-7AF571688B7C}.Debug|Any CPU.ActiveCfg = Debug|Any CPU
		{D739BBC0-4F1C-40CB-97C8-7AF571688B7C}.Debug|Any CPU.Build.0 = Debug|Any CPU
		{D739BBC0-4F1C-40CB-97C8-7AF571688B7C}.Debug|Mixed Platforms.ActiveCfg = Debug|Any CPU
		{D739BBC0-4F1C-40CB-97C8-7AF571688B7C}.Debug|Mixed Platforms.Build.0 = Debug|Any CPU
		{D739BBC0-4F1C-40CB-97C8-7AF571688B7C}.Debug|x86.ActiveCfg = Debug|Any CPU
		{D739BBC0-4F1C-40CB-97C8-7AF571688B7C}.Default|Any CPU.ActiveCfg = Default|Any CPU
		{D739BBC0-4F1C-40CB-97C8-7AF571688B7C}.Default|Any CPU.Build.0 = Default|Any CPU
		{D739BBC0-4F1C-40CB-97C8-7AF571688B7C}.Default|Mixed Platforms.ActiveCfg = Default|Any CPU
		{D739BBC0-4F1C-40CB-97C8-7AF571688B7C}.Default|Mixed Platforms.Build.0 = Default|Any CPU
		{D739BBC0-4F1C-40CB-97C8-7AF571688B7C}.Default|x86.ActiveCfg = Default|Any CPU
		{D739BBC0-4F1C-40CB-97C8-7AF571688B7C}.Demo|Any CPU.ActiveCfg = Default|Any CPU
		{D739BBC0-4F1C-40CB-97C8-7AF571688B7C}.Demo|Any CPU.Build.0 = Default|Any CPU
		{D739BBC0-4F1C-40CB-97C8-7AF571688B7C}.Demo|Mixed Platforms.ActiveCfg = Default|Any CPU
		{D739BBC0-4F1C-40CB-97C8-7AF571688B7C}.Demo|Mixed Platforms.Build.0 = Default|Any CPU
		{D739BBC0-4F1C-40CB-97C8-7AF571688B7C}.Demo|x86.ActiveCfg = Default|Any CPU
		{D739BBC0-4F1C-40CB-97C8-7AF571688B7C}.MobileDev|Any CPU.ActiveCfg = Default|Any CPU
		{D739BBC0-4F1C-40CB-97C8-7AF571688B7C}.MobileDev|Any CPU.Build.0 = Default|Any CPU
		{D739BBC0-4F1C-40CB-97C8-7AF571688B7C}.MobileDev|Mixed Platforms.ActiveCfg = Default|Any CPU
		{D739BBC0-4F1C-40CB-97C8-7AF571688B7C}.MobileDev|Mixed Platforms.Build.0 = Default|Any CPU
		{D739BBC0-4F1C-40CB-97C8-7AF571688B7C}.MobileDev|x86.ActiveCfg = Default|Any CPU
		{D739BBC0-4F1C-40CB-97C8-7AF571688B7C}.Release|Any CPU.ActiveCfg = Release|Any CPU
		{D739BBC0-4F1C-40CB-97C8-7AF571688B7C}.Release|Any CPU.Build.0 = Release|Any CPU
		{D739BBC0-4F1C-40CB-97C8-7AF571688B7C}.Release|Mixed Platforms.ActiveCfg = Release|Any CPU
		{D739BBC0-4F1C-40CB-97C8-7AF571688B7C}.Release|Mixed Platforms.Build.0 = Release|Any CPU
		{D739BBC0-4F1C-40CB-97C8-7AF571688B7C}.Release|x86.ActiveCfg = Release|Any CPU
		{AF76DFF8-2267-4370-83D3-FE254B774C3D}.Debug|Any CPU.ActiveCfg = Debug|Any CPU
		{AF76DFF8-2267-4370-83D3-FE254B774C3D}.Debug|Any CPU.Build.0 = Debug|Any CPU
		{AF76DFF8-2267-4370-83D3-FE254B774C3D}.Debug|Mixed Platforms.ActiveCfg = Debug|Any CPU
		{AF76DFF8-2267-4370-83D3-FE254B774C3D}.Debug|Mixed Platforms.Build.0 = Debug|Any CPU
		{AF76DFF8-2267-4370-83D3-FE254B774C3D}.Debug|x86.ActiveCfg = Debug|Any CPU
		{AF76DFF8-2267-4370-83D3-FE254B774C3D}.Default|Any CPU.ActiveCfg = Default|Any CPU
		{AF76DFF8-2267-4370-83D3-FE254B774C3D}.Default|Any CPU.Build.0 = Default|Any CPU
		{AF76DFF8-2267-4370-83D3-FE254B774C3D}.Default|Mixed Platforms.ActiveCfg = Default|Any CPU
		{AF76DFF8-2267-4370-83D3-FE254B774C3D}.Default|Mixed Platforms.Build.0 = Default|Any CPU
		{AF76DFF8-2267-4370-83D3-FE254B774C3D}.Default|x86.ActiveCfg = Default|Any CPU
		{AF76DFF8-2267-4370-83D3-FE254B774C3D}.Demo|Any CPU.ActiveCfg = Default|Any CPU
		{AF76DFF8-2267-4370-83D3-FE254B774C3D}.Demo|Any CPU.Build.0 = Default|Any CPU
		{AF76DFF8-2267-4370-83D3-FE254B774C3D}.Demo|Mixed Platforms.ActiveCfg = Default|Any CPU
		{AF76DFF8-2267-4370-83D3-FE254B774C3D}.Demo|Mixed Platforms.Build.0 = Default|Any CPU
		{AF76DFF8-2267-4370-83D3-FE254B774C3D}.Demo|x86.ActiveCfg = Default|Any CPU
		{AF76DFF8-2267-4370-83D3-FE254B774C3D}.MobileDev|Any CPU.ActiveCfg = Default|Any CPU
		{AF76DFF8-2267-4370-83D3-FE254B774C3D}.MobileDev|Any CPU.Build.0 = Default|Any CPU
		{AF76DFF8-2267-4370-83D3-FE254B774C3D}.MobileDev|Mixed Platforms.ActiveCfg = Default|Any CPU
		{AF76DFF8-2267-4370-83D3-FE254B774C3D}.MobileDev|Mixed Platforms.Build.0 = Default|Any CPU
		{AF76DFF8-2267-4370-83D3-FE254B774C3D}.MobileDev|x86.ActiveCfg = Default|Any CPU
		{AF76DFF8-2267-4370-83D3-FE254B774C3D}.Release|Any CPU.ActiveCfg = Release|Any CPU
		{AF76DFF8-2267-4370-83D3-FE254B774C3D}.Release|Any CPU.Build.0 = Release|Any CPU
		{AF76DFF8-2267-4370-83D3-FE254B774C3D}.Release|Mixed Platforms.ActiveCfg = Release|Any CPU
		{AF76DFF8-2267-4370-83D3-FE254B774C3D}.Release|Mixed Platforms.Build.0 = Release|Any CPU
		{AF76DFF8-2267-4370-83D3-FE254B774C3D}.Release|x86.ActiveCfg = Release|Any CPU
		{B5B94B38-4901-4D3F-859E-E157623501D9}.Debug|Any CPU.ActiveCfg = Debug|Any CPU
		{B5B94B38-4901-4D3F-859E-E157623501D9}.Debug|Any CPU.Build.0 = Debug|Any CPU
		{B5B94B38-4901-4D3F-859E-E157623501D9}.Debug|Mixed Platforms.ActiveCfg = Debug|Any CPU
		{B5B94B38-4901-4D3F-859E-E157623501D9}.Debug|Mixed Platforms.Build.0 = Debug|Any CPU
		{B5B94B38-4901-4D3F-859E-E157623501D9}.Debug|x86.ActiveCfg = Debug|Any CPU
		{B5B94B38-4901-4D3F-859E-E157623501D9}.Default|Any CPU.ActiveCfg = Default|Any CPU
		{B5B94B38-4901-4D3F-859E-E157623501D9}.Default|Any CPU.Build.0 = Default|Any CPU
		{B5B94B38-4901-4D3F-859E-E157623501D9}.Default|Mixed Platforms.ActiveCfg = Default|Any CPU
		{B5B94B38-4901-4D3F-859E-E157623501D9}.Default|Mixed Platforms.Build.0 = Default|Any CPU
		{B5B94B38-4901-4D3F-859E-E157623501D9}.Default|x86.ActiveCfg = Default|Any CPU
		{B5B94B38-4901-4D3F-859E-E157623501D9}.Demo|Any CPU.ActiveCfg = Default|Any CPU
		{B5B94B38-4901-4D3F-859E-E157623501D9}.Demo|Any CPU.Build.0 = Default|Any CPU
		{B5B94B38-4901-4D3F-859E-E157623501D9}.Demo|Mixed Platforms.ActiveCfg = Default|Any CPU
		{B5B94B38-4901-4D3F-859E-E157623501D9}.Demo|Mixed Platforms.Build.0 = Default|Any CPU
		{B5B94B38-4901-4D3F-859E-E157623501D9}.Demo|x86.ActiveCfg = Default|Any CPU
		{B5B94B38-4901-4D3F-859E-E157623501D9}.MobileDev|Any CPU.ActiveCfg = Default|Any CPU
		{B5B94B38-4901-4D3F-859E-E157623501D9}.MobileDev|Any CPU.Build.0 = Default|Any CPU
		{B5B94B38-4901-4D3F-859E-E157623501D9}.MobileDev|Mixed Platforms.ActiveCfg = Default|Any CPU
		{B5B94B38-4901-4D3F-859E-E157623501D9}.MobileDev|Mixed Platforms.Build.0 = Default|Any CPU
		{B5B94B38-4901-4D3F-859E-E157623501D9}.MobileDev|x86.ActiveCfg = Default|Any CPU
		{B5B94B38-4901-4D3F-859E-E157623501D9}.Release|Any CPU.ActiveCfg = Release|Any CPU
		{B5B94B38-4901-4D3F-859E-E157623501D9}.Release|Any CPU.Build.0 = Release|Any CPU
		{B5B94B38-4901-4D3F-859E-E157623501D9}.Release|Mixed Platforms.ActiveCfg = Release|Any CPU
		{B5B94B38-4901-4D3F-859E-E157623501D9}.Release|Mixed Platforms.Build.0 = Release|Any CPU
		{B5B94B38-4901-4D3F-859E-E157623501D9}.Release|x86.ActiveCfg = Release|Any CPU
		{46FB3942-D0A5-4BFF-97B0-739E56BFB111}.Debug|Any CPU.ActiveCfg = Debug|Any CPU
		{46FB3942-D0A5-4BFF-97B0-739E56BFB111}.Debug|Any CPU.Build.0 = Debug|Any CPU
		{46FB3942-D0A5-4BFF-97B0-739E56BFB111}.Debug|Mixed Platforms.ActiveCfg = Debug|Any CPU
		{46FB3942-D0A5-4BFF-97B0-739E56BFB111}.Debug|Mixed Platforms.Build.0 = Debug|Any CPU
		{46FB3942-D0A5-4BFF-97B0-739E56BFB111}.Debug|x86.ActiveCfg = Debug|Any CPU
		{46FB3942-D0A5-4BFF-97B0-739E56BFB111}.Default|Any CPU.ActiveCfg = Default|Any CPU
		{46FB3942-D0A5-4BFF-97B0-739E56BFB111}.Default|Any CPU.Build.0 = Default|Any CPU
		{46FB3942-D0A5-4BFF-97B0-739E56BFB111}.Default|Mixed Platforms.ActiveCfg = Default|Any CPU
		{46FB3942-D0A5-4BFF-97B0-739E56BFB111}.Default|Mixed Platforms.Build.0 = Default|Any CPU
		{46FB3942-D0A5-4BFF-97B0-739E56BFB111}.Default|x86.ActiveCfg = Default|Any CPU
		{46FB3942-D0A5-4BFF-97B0-739E56BFB111}.Demo|Any CPU.ActiveCfg = Default|Any CPU
		{46FB3942-D0A5-4BFF-97B0-739E56BFB111}.Demo|Any CPU.Build.0 = Default|Any CPU
		{46FB3942-D0A5-4BFF-97B0-739E56BFB111}.Demo|Mixed Platforms.ActiveCfg = Default|Any CPU
		{46FB3942-D0A5-4BFF-97B0-739E56BFB111}.Demo|Mixed Platforms.Build.0 = Default|Any CPU
		{46FB3942-D0A5-4BFF-97B0-739E56BFB111}.Demo|x86.ActiveCfg = Default|Any CPU
		{46FB3942-D0A5-4BFF-97B0-739E56BFB111}.MobileDev|Any CPU.ActiveCfg = Default|Any CPU
		{46FB3942-D0A5-4BFF-97B0-739E56BFB111}.MobileDev|Any CPU.Build.0 = Default|Any CPU
		{46FB3942-D0A5-4BFF-97B0-739E56BFB111}.MobileDev|Mixed Platforms.ActiveCfg = Default|Any CPU
		{46FB3942-D0A5-4BFF-97B0-739E56BFB111}.MobileDev|Mixed Platforms.Build.0 = Default|Any CPU
		{46FB3942-D0A5-4BFF-97B0-739E56BFB111}.MobileDev|x86.ActiveCfg = Default|Any CPU
		{46FB3942-D0A5-4BFF-97B0-739E56BFB111}.Release|Any CPU.ActiveCfg = Release|Any CPU
		{46FB3942-D0A5-4BFF-97B0-739E56BFB111}.Release|Any CPU.Build.0 = Release|Any CPU
		{46FB3942-D0A5-4BFF-97B0-739E56BFB111}.Release|Mixed Platforms.ActiveCfg = Release|Any CPU
		{46FB3942-D0A5-4BFF-97B0-739E56BFB111}.Release|Mixed Platforms.Build.0 = Release|Any CPU
		{46FB3942-D0A5-4BFF-97B0-739E56BFB111}.Release|x86.ActiveCfg = Release|Any CPU
		{748B993D-4F65-4A39-B865-6A7D5412C4BA}.Debug|Any CPU.ActiveCfg = Debug|Any CPU
		{748B993D-4F65-4A39-B865-6A7D5412C4BA}.Debug|Any CPU.Build.0 = Debug|Any CPU
		{748B993D-4F65-4A39-B865-6A7D5412C4BA}.Debug|Mixed Platforms.ActiveCfg = Debug|Any CPU
		{748B993D-4F65-4A39-B865-6A7D5412C4BA}.Debug|Mixed Platforms.Build.0 = Debug|Any CPU
		{748B993D-4F65-4A39-B865-6A7D5412C4BA}.Debug|x86.ActiveCfg = Debug|Any CPU
		{748B993D-4F65-4A39-B865-6A7D5412C4BA}.Default|Any CPU.ActiveCfg = Default|Any CPU
		{748B993D-4F65-4A39-B865-6A7D5412C4BA}.Default|Any CPU.Build.0 = Default|Any CPU
		{748B993D-4F65-4A39-B865-6A7D5412C4BA}.Default|Mixed Platforms.ActiveCfg = Default|Any CPU
		{748B993D-4F65-4A39-B865-6A7D5412C4BA}.Default|Mixed Platforms.Build.0 = Default|Any CPU
		{748B993D-4F65-4A39-B865-6A7D5412C4BA}.Default|x86.ActiveCfg = Default|Any CPU
		{748B993D-4F65-4A39-B865-6A7D5412C4BA}.Demo|Any CPU.ActiveCfg = Default|Any CPU
		{748B993D-4F65-4A39-B865-6A7D5412C4BA}.Demo|Any CPU.Build.0 = Default|Any CPU
		{748B993D-4F65-4A39-B865-6A7D5412C4BA}.Demo|Mixed Platforms.ActiveCfg = Default|Any CPU
		{748B993D-4F65-4A39-B865-6A7D5412C4BA}.Demo|Mixed Platforms.Build.0 = Default|Any CPU
		{748B993D-4F65-4A39-B865-6A7D5412C4BA}.Demo|x86.ActiveCfg = Default|Any CPU
		{748B993D-4F65-4A39-B865-6A7D5412C4BA}.MobileDev|Any CPU.ActiveCfg = Default|Any CPU
		{748B993D-4F65-4A39-B865-6A7D5412C4BA}.MobileDev|Any CPU.Build.0 = Default|Any CPU
		{748B993D-4F65-4A39-B865-6A7D5412C4BA}.MobileDev|Mixed Platforms.ActiveCfg = Default|Any CPU
		{748B993D-4F65-4A39-B865-6A7D5412C4BA}.MobileDev|Mixed Platforms.Build.0 = Default|Any CPU
		{748B993D-4F65-4A39-B865-6A7D5412C4BA}.MobileDev|x86.ActiveCfg = Default|Any CPU
		{748B993D-4F65-4A39-B865-6A7D5412C4BA}.Release|Any CPU.ActiveCfg = Release|Any CPU
		{748B993D-4F65-4A39-B865-6A7D5412C4BA}.Release|Any CPU.Build.0 = Release|Any CPU
		{748B993D-4F65-4A39-B865-6A7D5412C4BA}.Release|Mixed Platforms.ActiveCfg = Release|Any CPU
		{748B993D-4F65-4A39-B865-6A7D5412C4BA}.Release|Mixed Platforms.Build.0 = Release|Any CPU
		{748B993D-4F65-4A39-B865-6A7D5412C4BA}.Release|x86.ActiveCfg = Release|Any CPU
		{6AFEF057-8D02-4F3C-AC41-6815E9CFD15A}.Debug|Any CPU.ActiveCfg = Debug|Any CPU
		{6AFEF057-8D02-4F3C-AC41-6815E9CFD15A}.Debug|Any CPU.Build.0 = Debug|Any CPU
		{6AFEF057-8D02-4F3C-AC41-6815E9CFD15A}.Debug|Mixed Platforms.ActiveCfg = Debug|Any CPU
		{6AFEF057-8D02-4F3C-AC41-6815E9CFD15A}.Debug|Mixed Platforms.Build.0 = Debug|Any CPU
		{6AFEF057-8D02-4F3C-AC41-6815E9CFD15A}.Debug|x86.ActiveCfg = Debug|Any CPU
		{6AFEF057-8D02-4F3C-AC41-6815E9CFD15A}.Default|Any CPU.ActiveCfg = Default|Any CPU
		{6AFEF057-8D02-4F3C-AC41-6815E9CFD15A}.Default|Any CPU.Build.0 = Default|Any CPU
		{6AFEF057-8D02-4F3C-AC41-6815E9CFD15A}.Default|Mixed Platforms.ActiveCfg = Default|Any CPU
		{6AFEF057-8D02-4F3C-AC41-6815E9CFD15A}.Default|Mixed Platforms.Build.0 = Default|Any CPU
		{6AFEF057-8D02-4F3C-AC41-6815E9CFD15A}.Default|x86.ActiveCfg = Default|Any CPU
		{6AFEF057-8D02-4F3C-AC41-6815E9CFD15A}.Demo|Any CPU.ActiveCfg = Default|Any CPU
		{6AFEF057-8D02-4F3C-AC41-6815E9CFD15A}.Demo|Any CPU.Build.0 = Default|Any CPU
		{6AFEF057-8D02-4F3C-AC41-6815E9CFD15A}.Demo|Mixed Platforms.ActiveCfg = Default|Any CPU
		{6AFEF057-8D02-4F3C-AC41-6815E9CFD15A}.Demo|Mixed Platforms.Build.0 = Default|Any CPU
		{6AFEF057-8D02-4F3C-AC41-6815E9CFD15A}.Demo|x86.ActiveCfg = Default|Any CPU
		{6AFEF057-8D02-4F3C-AC41-6815E9CFD15A}.MobileDev|Any CPU.ActiveCfg = Default|Any CPU
		{6AFEF057-8D02-4F3C-AC41-6815E9CFD15A}.MobileDev|Any CPU.Build.0 = Default|Any CPU
		{6AFEF057-8D02-4F3C-AC41-6815E9CFD15A}.MobileDev|Mixed Platforms.ActiveCfg = Default|Any CPU
		{6AFEF057-8D02-4F3C-AC41-6815E9CFD15A}.MobileDev|Mixed Platforms.Build.0 = Default|Any CPU
		{6AFEF057-8D02-4F3C-AC41-6815E9CFD15A}.MobileDev|x86.ActiveCfg = Default|Any CPU
		{6AFEF057-8D02-4F3C-AC41-6815E9CFD15A}.Release|Any CPU.ActiveCfg = Release|Any CPU
		{6AFEF057-8D02-4F3C-AC41-6815E9CFD15A}.Release|Any CPU.Build.0 = Release|Any CPU
		{6AFEF057-8D02-4F3C-AC41-6815E9CFD15A}.Release|Mixed Platforms.ActiveCfg = Release|Any CPU
		{6AFEF057-8D02-4F3C-AC41-6815E9CFD15A}.Release|Mixed Platforms.Build.0 = Release|Any CPU
		{6AFEF057-8D02-4F3C-AC41-6815E9CFD15A}.Release|x86.ActiveCfg = Release|Any CPU
		{48C20C15-3E83-47C8-87F3-C5EA0D389528}.Debug|Any CPU.ActiveCfg = Debug|Any CPU
		{48C20C15-3E83-47C8-87F3-C5EA0D389528}.Debug|Any CPU.Build.0 = Debug|Any CPU
		{48C20C15-3E83-47C8-87F3-C5EA0D389528}.Debug|Mixed Platforms.ActiveCfg = Debug|Any CPU
		{48C20C15-3E83-47C8-87F3-C5EA0D389528}.Debug|Mixed Platforms.Build.0 = Debug|Any CPU
		{48C20C15-3E83-47C8-87F3-C5EA0D389528}.Debug|x86.ActiveCfg = Debug|Any CPU
		{48C20C15-3E83-47C8-87F3-C5EA0D389528}.Default|Any CPU.ActiveCfg = Default|Any CPU
		{48C20C15-3E83-47C8-87F3-C5EA0D389528}.Default|Any CPU.Build.0 = Default|Any CPU
		{48C20C15-3E83-47C8-87F3-C5EA0D389528}.Default|Mixed Platforms.ActiveCfg = Default|Any CPU
		{48C20C15-3E83-47C8-87F3-C5EA0D389528}.Default|Mixed Platforms.Build.0 = Default|Any CPU
		{48C20C15-3E83-47C8-87F3-C5EA0D389528}.Default|x86.ActiveCfg = Default|Any CPU
		{48C20C15-3E83-47C8-87F3-C5EA0D389528}.Demo|Any CPU.ActiveCfg = Default|Any CPU
		{48C20C15-3E83-47C8-87F3-C5EA0D389528}.Demo|Any CPU.Build.0 = Default|Any CPU
		{48C20C15-3E83-47C8-87F3-C5EA0D389528}.Demo|Mixed Platforms.ActiveCfg = Default|Any CPU
		{48C20C15-3E83-47C8-87F3-C5EA0D389528}.Demo|Mixed Platforms.Build.0 = Default|Any CPU
		{48C20C15-3E83-47C8-87F3-C5EA0D389528}.Demo|x86.ActiveCfg = Default|Any CPU
		{48C20C15-3E83-47C8-87F3-C5EA0D389528}.MobileDev|Any CPU.ActiveCfg = Default|Any CPU
		{48C20C15-3E83-47C8-87F3-C5EA0D389528}.MobileDev|Any CPU.Build.0 = Default|Any CPU
		{48C20C15-3E83-47C8-87F3-C5EA0D389528}.MobileDev|Mixed Platforms.ActiveCfg = Default|Any CPU
		{48C20C15-3E83-47C8-87F3-C5EA0D389528}.MobileDev|Mixed Platforms.Build.0 = Default|Any CPU
		{48C20C15-3E83-47C8-87F3-C5EA0D389528}.MobileDev|x86.ActiveCfg = Default|Any CPU
		{48C20C15-3E83-47C8-87F3-C5EA0D389528}.Release|Any CPU.ActiveCfg = Release|Any CPU
		{48C20C15-3E83-47C8-87F3-C5EA0D389528}.Release|Any CPU.Build.0 = Release|Any CPU
		{48C20C15-3E83-47C8-87F3-C5EA0D389528}.Release|Mixed Platforms.ActiveCfg = Release|Any CPU
		{48C20C15-3E83-47C8-87F3-C5EA0D389528}.Release|Mixed Platforms.Build.0 = Release|Any CPU
		{48C20C15-3E83-47C8-87F3-C5EA0D389528}.Release|x86.ActiveCfg = Release|Any CPU
		{1A611244-54BE-4F12-AA34-12F54A2B07E6}.Debug|Any CPU.ActiveCfg = Debug|Any CPU
		{1A611244-54BE-4F12-AA34-12F54A2B07E6}.Debug|Any CPU.Build.0 = Debug|Any CPU
		{1A611244-54BE-4F12-AA34-12F54A2B07E6}.Debug|Mixed Platforms.ActiveCfg = Debug|Any CPU
		{1A611244-54BE-4F12-AA34-12F54A2B07E6}.Debug|Mixed Platforms.Build.0 = Debug|Any CPU
		{1A611244-54BE-4F12-AA34-12F54A2B07E6}.Debug|x86.ActiveCfg = Debug|Any CPU
		{1A611244-54BE-4F12-AA34-12F54A2B07E6}.Default|Any CPU.ActiveCfg = Default|Any CPU
		{1A611244-54BE-4F12-AA34-12F54A2B07E6}.Default|Any CPU.Build.0 = Default|Any CPU
		{1A611244-54BE-4F12-AA34-12F54A2B07E6}.Default|Mixed Platforms.ActiveCfg = Default|Any CPU
		{1A611244-54BE-4F12-AA34-12F54A2B07E6}.Default|Mixed Platforms.Build.0 = Default|Any CPU
		{1A611244-54BE-4F12-AA34-12F54A2B07E6}.Default|x86.ActiveCfg = Default|Any CPU
		{1A611244-54BE-4F12-AA34-12F54A2B07E6}.Demo|Any CPU.ActiveCfg = Demo|Any CPU
		{1A611244-54BE-4F12-AA34-12F54A2B07E6}.Demo|Any CPU.Build.0 = Demo|Any CPU
		{1A611244-54BE-4F12-AA34-12F54A2B07E6}.Demo|Mixed Platforms.ActiveCfg = Demo|Any CPU
		{1A611244-54BE-4F12-AA34-12F54A2B07E6}.Demo|Mixed Platforms.Build.0 = Demo|Any CPU
		{1A611244-54BE-4F12-AA34-12F54A2B07E6}.Demo|x86.ActiveCfg = Demo|Any CPU
		{1A611244-54BE-4F12-AA34-12F54A2B07E6}.MobileDev|Any CPU.ActiveCfg = MobileDev|Any CPU
		{1A611244-54BE-4F12-AA34-12F54A2B07E6}.MobileDev|Any CPU.Build.0 = MobileDev|Any CPU
		{1A611244-54BE-4F12-AA34-12F54A2B07E6}.MobileDev|Mixed Platforms.ActiveCfg = MobileDev|Any CPU
		{1A611244-54BE-4F12-AA34-12F54A2B07E6}.MobileDev|Mixed Platforms.Build.0 = MobileDev|Any CPU
		{1A611244-54BE-4F12-AA34-12F54A2B07E6}.MobileDev|x86.ActiveCfg = MobileDev|Any CPU
		{1A611244-54BE-4F12-AA34-12F54A2B07E6}.Release|Any CPU.ActiveCfg = Release|Any CPU
		{1A611244-54BE-4F12-AA34-12F54A2B07E6}.Release|Any CPU.Build.0 = Release|Any CPU
		{1A611244-54BE-4F12-AA34-12F54A2B07E6}.Release|Mixed Platforms.ActiveCfg = Release|Any CPU
		{1A611244-54BE-4F12-AA34-12F54A2B07E6}.Release|Mixed Platforms.Build.0 = Release|Any CPU
		{1A611244-54BE-4F12-AA34-12F54A2B07E6}.Release|x86.ActiveCfg = Release|Any CPU
		{FFBAFDB9-201D-42BB-8BA4-A5F6180F0333}.Debug|Any CPU.ActiveCfg = Debug|x86
		{FFBAFDB9-201D-42BB-8BA4-A5F6180F0333}.Debug|Mixed Platforms.ActiveCfg = Debug|x86
		{FFBAFDB9-201D-42BB-8BA4-A5F6180F0333}.Debug|Mixed Platforms.Build.0 = Debug|x86
		{FFBAFDB9-201D-42BB-8BA4-A5F6180F0333}.Debug|x86.ActiveCfg = Debug|x86
		{FFBAFDB9-201D-42BB-8BA4-A5F6180F0333}.Debug|x86.Build.0 = Debug|x86
		{FFBAFDB9-201D-42BB-8BA4-A5F6180F0333}.Default|Any CPU.ActiveCfg = Debug|x86
		{FFBAFDB9-201D-42BB-8BA4-A5F6180F0333}.Default|Mixed Platforms.ActiveCfg = Debug|x86
		{FFBAFDB9-201D-42BB-8BA4-A5F6180F0333}.Default|Mixed Platforms.Build.0 = Debug|x86
		{FFBAFDB9-201D-42BB-8BA4-A5F6180F0333}.Default|x86.ActiveCfg = Debug|x86
		{FFBAFDB9-201D-42BB-8BA4-A5F6180F0333}.Default|x86.Build.0 = Debug|x86
		{FFBAFDB9-201D-42BB-8BA4-A5F6180F0333}.Demo|Any CPU.ActiveCfg = Debug|x86
		{FFBAFDB9-201D-42BB-8BA4-A5F6180F0333}.Demo|Mixed Platforms.ActiveCfg = Debug|x86
		{FFBAFDB9-201D-42BB-8BA4-A5F6180F0333}.Demo|Mixed Platforms.Build.0 = Debug|x86
		{FFBAFDB9-201D-42BB-8BA4-A5F6180F0333}.Demo|x86.ActiveCfg = Debug|x86
		{FFBAFDB9-201D-42BB-8BA4-A5F6180F0333}.Demo|x86.Build.0 = Debug|x86
		{FFBAFDB9-201D-42BB-8BA4-A5F6180F0333}.MobileDev|Any CPU.ActiveCfg = Release|x86
		{FFBAFDB9-201D-42BB-8BA4-A5F6180F0333}.MobileDev|Mixed Platforms.ActiveCfg = Release|x86
		{FFBAFDB9-201D-42BB-8BA4-A5F6180F0333}.MobileDev|Mixed Platforms.Build.0 = Release|x86
		{FFBAFDB9-201D-42BB-8BA4-A5F6180F0333}.MobileDev|x86.ActiveCfg = Release|x86
		{FFBAFDB9-201D-42BB-8BA4-A5F6180F0333}.MobileDev|x86.Build.0 = Release|x86
		{FFBAFDB9-201D-42BB-8BA4-A5F6180F0333}.Release|Any CPU.ActiveCfg = Release|x86
		{FFBAFDB9-201D-42BB-8BA4-A5F6180F0333}.Release|Mixed Platforms.ActiveCfg = Release|x86
		{FFBAFDB9-201D-42BB-8BA4-A5F6180F0333}.Release|Mixed Platforms.Build.0 = Release|x86
		{FFBAFDB9-201D-42BB-8BA4-A5F6180F0333}.Release|x86.ActiveCfg = Release|x86
		{FFBAFDB9-201D-42BB-8BA4-A5F6180F0333}.Release|x86.Build.0 = Release|x86
		{F271963F-10B1-4495-B047-BD5A977ED187}.Debug|Any CPU.ActiveCfg = Debug|Any CPU
		{F271963F-10B1-4495-B047-BD5A977ED187}.Debug|Any CPU.Build.0 = Debug|Any CPU
		{F271963F-10B1-4495-B047-BD5A977ED187}.Debug|Mixed Platforms.ActiveCfg = Debug|Any CPU
		{F271963F-10B1-4495-B047-BD5A977ED187}.Debug|Mixed Platforms.Build.0 = Debug|Any CPU
		{F271963F-10B1-4495-B047-BD5A977ED187}.Debug|x86.ActiveCfg = Debug|Any CPU
		{F271963F-10B1-4495-B047-BD5A977ED187}.Default|Any CPU.ActiveCfg = Debug|Any CPU
		{F271963F-10B1-4495-B047-BD5A977ED187}.Default|Any CPU.Build.0 = Debug|Any CPU
		{F271963F-10B1-4495-B047-BD5A977ED187}.Default|Mixed Platforms.ActiveCfg = Debug|Any CPU
		{F271963F-10B1-4495-B047-BD5A977ED187}.Default|Mixed Platforms.Build.0 = Debug|Any CPU
		{F271963F-10B1-4495-B047-BD5A977ED187}.Default|x86.ActiveCfg = Debug|Any CPU
		{F271963F-10B1-4495-B047-BD5A977ED187}.Demo|Any CPU.ActiveCfg = Debug|Any CPU
		{F271963F-10B1-4495-B047-BD5A977ED187}.Demo|Any CPU.Build.0 = Debug|Any CPU
		{F271963F-10B1-4495-B047-BD5A977ED187}.Demo|Mixed Platforms.ActiveCfg = Debug|Any CPU
		{F271963F-10B1-4495-B047-BD5A977ED187}.Demo|Mixed Platforms.Build.0 = Debug|Any CPU
		{F271963F-10B1-4495-B047-BD5A977ED187}.Demo|x86.ActiveCfg = Debug|Any CPU
		{F271963F-10B1-4495-B047-BD5A977ED187}.MobileDev|Any CPU.ActiveCfg = Release|Any CPU
		{F271963F-10B1-4495-B047-BD5A977ED187}.MobileDev|Any CPU.Build.0 = Release|Any CPU
		{F271963F-10B1-4495-B047-BD5A977ED187}.MobileDev|Mixed Platforms.ActiveCfg = Release|Any CPU
		{F271963F-10B1-4495-B047-BD5A977ED187}.MobileDev|Mixed Platforms.Build.0 = Release|Any CPU
		{F271963F-10B1-4495-B047-BD5A977ED187}.MobileDev|x86.ActiveCfg = Release|Any CPU
		{F271963F-10B1-4495-B047-BD5A977ED187}.Release|Any CPU.ActiveCfg = Release|Any CPU
		{F271963F-10B1-4495-B047-BD5A977ED187}.Release|Any CPU.Build.0 = Release|Any CPU
		{F271963F-10B1-4495-B047-BD5A977ED187}.Release|Mixed Platforms.ActiveCfg = Release|Any CPU
		{F271963F-10B1-4495-B047-BD5A977ED187}.Release|Mixed Platforms.Build.0 = Release|Any CPU
		{F271963F-10B1-4495-B047-BD5A977ED187}.Release|x86.ActiveCfg = Release|Any CPU
		{02377ADB-F40D-4AD0-B8A8-95810CB55047}.Debug|Any CPU.ActiveCfg = Debug|Any CPU
		{02377ADB-F40D-4AD0-B8A8-95810CB55047}.Debug|Any CPU.Build.0 = Debug|Any CPU
		{02377ADB-F40D-4AD0-B8A8-95810CB55047}.Debug|Mixed Platforms.ActiveCfg = Debug|Any CPU
		{02377ADB-F40D-4AD0-B8A8-95810CB55047}.Debug|Mixed Platforms.Build.0 = Debug|Any CPU
		{02377ADB-F40D-4AD0-B8A8-95810CB55047}.Debug|x86.ActiveCfg = Debug|Any CPU
		{02377ADB-F40D-4AD0-B8A8-95810CB55047}.Default|Any CPU.ActiveCfg = Debug|Any CPU
		{02377ADB-F40D-4AD0-B8A8-95810CB55047}.Default|Any CPU.Build.0 = Debug|Any CPU
		{02377ADB-F40D-4AD0-B8A8-95810CB55047}.Default|Mixed Platforms.ActiveCfg = Debug|Any CPU
		{02377ADB-F40D-4AD0-B8A8-95810CB55047}.Default|Mixed Platforms.Build.0 = Debug|Any CPU
		{02377ADB-F40D-4AD0-B8A8-95810CB55047}.Default|x86.ActiveCfg = Debug|Any CPU
		{02377ADB-F40D-4AD0-B8A8-95810CB55047}.Demo|Any CPU.ActiveCfg = Debug|Any CPU
		{02377ADB-F40D-4AD0-B8A8-95810CB55047}.Demo|Any CPU.Build.0 = Debug|Any CPU
		{02377ADB-F40D-4AD0-B8A8-95810CB55047}.Demo|Mixed Platforms.ActiveCfg = Debug|Any CPU
		{02377ADB-F40D-4AD0-B8A8-95810CB55047}.Demo|Mixed Platforms.Build.0 = Debug|Any CPU
		{02377ADB-F40D-4AD0-B8A8-95810CB55047}.Demo|x86.ActiveCfg = Debug|Any CPU
		{02377ADB-F40D-4AD0-B8A8-95810CB55047}.MobileDev|Any CPU.ActiveCfg = Release|Any CPU
		{02377ADB-F40D-4AD0-B8A8-95810CB55047}.MobileDev|Any CPU.Build.0 = Release|Any CPU
		{02377ADB-F40D-4AD0-B8A8-95810CB55047}.MobileDev|Mixed Platforms.ActiveCfg = Release|Any CPU
		{02377ADB-F40D-4AD0-B8A8-95810CB55047}.MobileDev|Mixed Platforms.Build.0 = Release|Any CPU
		{02377ADB-F40D-4AD0-B8A8-95810CB55047}.MobileDev|x86.ActiveCfg = Release|Any CPU
		{02377ADB-F40D-4AD0-B8A8-95810CB55047}.Release|Any CPU.ActiveCfg = Release|Any CPU
		{02377ADB-F40D-4AD0-B8A8-95810CB55047}.Release|Any CPU.Build.0 = Release|Any CPU
		{02377ADB-F40D-4AD0-B8A8-95810CB55047}.Release|Mixed Platforms.ActiveCfg = Release|Any CPU
		{02377ADB-F40D-4AD0-B8A8-95810CB55047}.Release|Mixed Platforms.Build.0 = Release|Any CPU
		{02377ADB-F40D-4AD0-B8A8-95810CB55047}.Release|x86.ActiveCfg = Release|Any CPU
		{2AD28296-22DA-465F-90AA-6538661B3F86}.Debug|Any CPU.ActiveCfg = Debug|Any CPU
		{2AD28296-22DA-465F-90AA-6538661B3F86}.Debug|Any CPU.Build.0 = Debug|Any CPU
		{2AD28296-22DA-465F-90AA-6538661B3F86}.Debug|Mixed Platforms.ActiveCfg = Debug|Any CPU
		{2AD28296-22DA-465F-90AA-6538661B3F86}.Debug|Mixed Platforms.Build.0 = Debug|Any CPU
		{2AD28296-22DA-465F-90AA-6538661B3F86}.Debug|x86.ActiveCfg = Debug|Any CPU
		{2AD28296-22DA-465F-90AA-6538661B3F86}.Default|Any CPU.ActiveCfg = Default|Any CPU
		{2AD28296-22DA-465F-90AA-6538661B3F86}.Default|Any CPU.Build.0 = Default|Any CPU
		{2AD28296-22DA-465F-90AA-6538661B3F86}.Default|Mixed Platforms.ActiveCfg = Default|Any CPU
		{2AD28296-22DA-465F-90AA-6538661B3F86}.Default|Mixed Platforms.Build.0 = Default|Any CPU
		{2AD28296-22DA-465F-90AA-6538661B3F86}.Default|x86.ActiveCfg = Default|Any CPU
		{2AD28296-22DA-465F-90AA-6538661B3F86}.Demo|Any CPU.ActiveCfg = Default|Any CPU
		{2AD28296-22DA-465F-90AA-6538661B3F86}.Demo|Any CPU.Build.0 = Default|Any CPU
		{2AD28296-22DA-465F-90AA-6538661B3F86}.Demo|Mixed Platforms.ActiveCfg = Default|Any CPU
		{2AD28296-22DA-465F-90AA-6538661B3F86}.Demo|Mixed Platforms.Build.0 = Default|Any CPU
		{2AD28296-22DA-465F-90AA-6538661B3F86}.Demo|x86.ActiveCfg = Default|Any CPU
		{2AD28296-22DA-465F-90AA-6538661B3F86}.MobileDev|Any CPU.ActiveCfg = Default|Any CPU
		{2AD28296-22DA-465F-90AA-6538661B3F86}.MobileDev|Any CPU.Build.0 = Default|Any CPU
		{2AD28296-22DA-465F-90AA-6538661B3F86}.MobileDev|Mixed Platforms.ActiveCfg = Default|Any CPU
		{2AD28296-22DA-465F-90AA-6538661B3F86}.MobileDev|Mixed Platforms.Build.0 = Default|Any CPU
		{2AD28296-22DA-465F-90AA-6538661B3F86}.MobileDev|x86.ActiveCfg = Default|Any CPU
		{2AD28296-22DA-465F-90AA-6538661B3F86}.Release|Any CPU.ActiveCfg = Release|Any CPU
		{2AD28296-22DA-465F-90AA-6538661B3F86}.Release|Any CPU.Build.0 = Release|Any CPU
		{2AD28296-22DA-465F-90AA-6538661B3F86}.Release|Mixed Platforms.ActiveCfg = Release|Any CPU
		{2AD28296-22DA-465F-90AA-6538661B3F86}.Release|Mixed Platforms.Build.0 = Release|Any CPU
		{2AD28296-22DA-465F-90AA-6538661B3F86}.Release|x86.ActiveCfg = Release|Any CPU
		{965B155F-23B5-4650-8CEF-2B36A1B6F843}.Debug|Any CPU.ActiveCfg = Debug|Any CPU
		{965B155F-23B5-4650-8CEF-2B36A1B6F843}.Debug|Any CPU.Build.0 = Debug|Any CPU
		{965B155F-23B5-4650-8CEF-2B36A1B6F843}.Debug|Mixed Platforms.ActiveCfg = Debug|Any CPU
		{965B155F-23B5-4650-8CEF-2B36A1B6F843}.Debug|Mixed Platforms.Build.0 = Debug|Any CPU
		{965B155F-23B5-4650-8CEF-2B36A1B6F843}.Debug|x86.ActiveCfg = Debug|Any CPU
		{965B155F-23B5-4650-8CEF-2B36A1B6F843}.Default|Any CPU.ActiveCfg = Debug|Any CPU
		{965B155F-23B5-4650-8CEF-2B36A1B6F843}.Default|Any CPU.Build.0 = Debug|Any CPU
		{965B155F-23B5-4650-8CEF-2B36A1B6F843}.Default|Mixed Platforms.ActiveCfg = Debug|Any CPU
		{965B155F-23B5-4650-8CEF-2B36A1B6F843}.Default|Mixed Platforms.Build.0 = Debug|Any CPU
		{965B155F-23B5-4650-8CEF-2B36A1B6F843}.Default|x86.ActiveCfg = Debug|Any CPU
		{965B155F-23B5-4650-8CEF-2B36A1B6F843}.Demo|Any CPU.ActiveCfg = Debug|Any CPU
		{965B155F-23B5-4650-8CEF-2B36A1B6F843}.Demo|Any CPU.Build.0 = Debug|Any CPU
		{965B155F-23B5-4650-8CEF-2B36A1B6F843}.Demo|Mixed Platforms.ActiveCfg = Debug|Any CPU
		{965B155F-23B5-4650-8CEF-2B36A1B6F843}.Demo|Mixed Platforms.Build.0 = Debug|Any CPU
		{965B155F-23B5-4650-8CEF-2B36A1B6F843}.Demo|x86.ActiveCfg = Debug|Any CPU
		{965B155F-23B5-4650-8CEF-2B36A1B6F843}.MobileDev|Any CPU.ActiveCfg = Release|Any CPU
		{965B155F-23B5-4650-8CEF-2B36A1B6F843}.MobileDev|Any CPU.Build.0 = Release|Any CPU
		{965B155F-23B5-4650-8CEF-2B36A1B6F843}.MobileDev|Mixed Platforms.ActiveCfg = Release|Any CPU
		{965B155F-23B5-4650-8CEF-2B36A1B6F843}.MobileDev|Mixed Platforms.Build.0 = Release|Any CPU
		{965B155F-23B5-4650-8CEF-2B36A1B6F843}.MobileDev|x86.ActiveCfg = Release|Any CPU
		{965B155F-23B5-4650-8CEF-2B36A1B6F843}.Release|Any CPU.ActiveCfg = Release|Any CPU
		{965B155F-23B5-4650-8CEF-2B36A1B6F843}.Release|Any CPU.Build.0 = Release|Any CPU
		{965B155F-23B5-4650-8CEF-2B36A1B6F843}.Release|Mixed Platforms.ActiveCfg = Release|Any CPU
		{965B155F-23B5-4650-8CEF-2B36A1B6F843}.Release|Mixed Platforms.Build.0 = Release|Any CPU
		{965B155F-23B5-4650-8CEF-2B36A1B6F843}.Release|x86.ActiveCfg = Release|Any CPU
		{F1FB051C-DFBD-4017-A248-9BE61D26EA70}.Debug|Any CPU.ActiveCfg = Debug|Any CPU
		{F1FB051C-DFBD-4017-A248-9BE61D26EA70}.Debug|Any CPU.Build.0 = Debug|Any CPU
		{F1FB051C-DFBD-4017-A248-9BE61D26EA70}.Debug|Mixed Platforms.ActiveCfg = Debug|Any CPU
		{F1FB051C-DFBD-4017-A248-9BE61D26EA70}.Debug|Mixed Platforms.Build.0 = Debug|Any CPU
		{F1FB051C-DFBD-4017-A248-9BE61D26EA70}.Debug|x86.ActiveCfg = Debug|Any CPU
		{F1FB051C-DFBD-4017-A248-9BE61D26EA70}.Default|Any CPU.ActiveCfg = Default|Any CPU
		{F1FB051C-DFBD-4017-A248-9BE61D26EA70}.Default|Any CPU.Build.0 = Default|Any CPU
		{F1FB051C-DFBD-4017-A248-9BE61D26EA70}.Default|Mixed Platforms.ActiveCfg = Default|Any CPU
		{F1FB051C-DFBD-4017-A248-9BE61D26EA70}.Default|Mixed Platforms.Build.0 = Default|Any CPU
		{F1FB051C-DFBD-4017-A248-9BE61D26EA70}.Default|x86.ActiveCfg = Default|Any CPU
		{F1FB051C-DFBD-4017-A248-9BE61D26EA70}.Demo|Any CPU.ActiveCfg = Default|Any CPU
		{F1FB051C-DFBD-4017-A248-9BE61D26EA70}.Demo|Any CPU.Build.0 = Default|Any CPU
		{F1FB051C-DFBD-4017-A248-9BE61D26EA70}.Demo|Mixed Platforms.ActiveCfg = Default|Any CPU
		{F1FB051C-DFBD-4017-A248-9BE61D26EA70}.Demo|Mixed Platforms.Build.0 = Default|Any CPU
		{F1FB051C-DFBD-4017-A248-9BE61D26EA70}.Demo|x86.ActiveCfg = Default|Any CPU
		{F1FB051C-DFBD-4017-A248-9BE61D26EA70}.MobileDev|Any CPU.ActiveCfg = Default|Any CPU
		{F1FB051C-DFBD-4017-A248-9BE61D26EA70}.MobileDev|Any CPU.Build.0 = Default|Any CPU
		{F1FB051C-DFBD-4017-A248-9BE61D26EA70}.MobileDev|Mixed Platforms.ActiveCfg = Default|Any CPU
		{F1FB051C-DFBD-4017-A248-9BE61D26EA70}.MobileDev|Mixed Platforms.Build.0 = Default|Any CPU
		{F1FB051C-DFBD-4017-A248-9BE61D26EA70}.MobileDev|x86.ActiveCfg = Default|Any CPU
		{F1FB051C-DFBD-4017-A248-9BE61D26EA70}.Release|Any CPU.ActiveCfg = Release|Any CPU
		{F1FB051C-DFBD-4017-A248-9BE61D26EA70}.Release|Any CPU.Build.0 = Release|Any CPU
		{F1FB051C-DFBD-4017-A248-9BE61D26EA70}.Release|Mixed Platforms.ActiveCfg = Release|Any CPU
		{F1FB051C-DFBD-4017-A248-9BE61D26EA70}.Release|Mixed Platforms.Build.0 = Release|Any CPU
		{F1FB051C-DFBD-4017-A248-9BE61D26EA70}.Release|x86.ActiveCfg = Release|Any CPU
		{130ACD72-B533-45A4-AF3D-1CB69C53ACEF}.Debug|Any CPU.ActiveCfg = Debug|Any CPU
		{130ACD72-B533-45A4-AF3D-1CB69C53ACEF}.Debug|Any CPU.Build.0 = Debug|Any CPU
		{130ACD72-B533-45A4-AF3D-1CB69C53ACEF}.Debug|Mixed Platforms.ActiveCfg = Debug|Any CPU
		{130ACD72-B533-45A4-AF3D-1CB69C53ACEF}.Debug|Mixed Platforms.Build.0 = Debug|Any CPU
		{130ACD72-B533-45A4-AF3D-1CB69C53ACEF}.Debug|x86.ActiveCfg = Debug|Any CPU
		{130ACD72-B533-45A4-AF3D-1CB69C53ACEF}.Default|Any CPU.ActiveCfg = Debug|Any CPU
		{130ACD72-B533-45A4-AF3D-1CB69C53ACEF}.Default|Any CPU.Build.0 = Debug|Any CPU
		{130ACD72-B533-45A4-AF3D-1CB69C53ACEF}.Default|Mixed Platforms.ActiveCfg = Debug|Any CPU
		{130ACD72-B533-45A4-AF3D-1CB69C53ACEF}.Default|Mixed Platforms.Build.0 = Debug|Any CPU
		{130ACD72-B533-45A4-AF3D-1CB69C53ACEF}.Default|x86.ActiveCfg = Debug|Any CPU
		{130ACD72-B533-45A4-AF3D-1CB69C53ACEF}.Demo|Any CPU.ActiveCfg = Debug|Any CPU
		{130ACD72-B533-45A4-AF3D-1CB69C53ACEF}.Demo|Any CPU.Build.0 = Debug|Any CPU
		{130ACD72-B533-45A4-AF3D-1CB69C53ACEF}.Demo|Mixed Platforms.ActiveCfg = Debug|Any CPU
		{130ACD72-B533-45A4-AF3D-1CB69C53ACEF}.Demo|Mixed Platforms.Build.0 = Debug|Any CPU
		{130ACD72-B533-45A4-AF3D-1CB69C53ACEF}.Demo|x86.ActiveCfg = Debug|Any CPU
		{130ACD72-B533-45A4-AF3D-1CB69C53ACEF}.MobileDev|Any CPU.ActiveCfg = Release|Any CPU
		{130ACD72-B533-45A4-AF3D-1CB69C53ACEF}.MobileDev|Any CPU.Build.0 = Release|Any CPU
		{130ACD72-B533-45A4-AF3D-1CB69C53ACEF}.MobileDev|Mixed Platforms.ActiveCfg = Release|Any CPU
		{130ACD72-B533-45A4-AF3D-1CB69C53ACEF}.MobileDev|Mixed Platforms.Build.0 = Release|Any CPU
		{130ACD72-B533-45A4-AF3D-1CB69C53ACEF}.MobileDev|x86.ActiveCfg = Release|Any CPU
		{130ACD72-B533-45A4-AF3D-1CB69C53ACEF}.Release|Any CPU.ActiveCfg = Release|Any CPU
		{130ACD72-B533-45A4-AF3D-1CB69C53ACEF}.Release|Any CPU.Build.0 = Release|Any CPU
		{130ACD72-B533-45A4-AF3D-1CB69C53ACEF}.Release|Mixed Platforms.ActiveCfg = Release|Any CPU
		{130ACD72-B533-45A4-AF3D-1CB69C53ACEF}.Release|Mixed Platforms.Build.0 = Release|Any CPU
		{130ACD72-B533-45A4-AF3D-1CB69C53ACEF}.Release|x86.ActiveCfg = Release|Any CPU
		{47F8BAD7-332C-4463-8AA1-5BC7F9B3A663}.Debug|Any CPU.ActiveCfg = Debug|Any CPU
		{47F8BAD7-332C-4463-8AA1-5BC7F9B3A663}.Debug|Any CPU.Build.0 = Debug|Any CPU
		{47F8BAD7-332C-4463-8AA1-5BC7F9B3A663}.Debug|Mixed Platforms.ActiveCfg = Debug|Any CPU
		{47F8BAD7-332C-4463-8AA1-5BC7F9B3A663}.Debug|Mixed Platforms.Build.0 = Debug|Any CPU
		{47F8BAD7-332C-4463-8AA1-5BC7F9B3A663}.Debug|x86.ActiveCfg = Debug|Any CPU
		{47F8BAD7-332C-4463-8AA1-5BC7F9B3A663}.Default|Any CPU.ActiveCfg = Default|Any CPU
		{47F8BAD7-332C-4463-8AA1-5BC7F9B3A663}.Default|Any CPU.Build.0 = Default|Any CPU
		{47F8BAD7-332C-4463-8AA1-5BC7F9B3A663}.Default|Mixed Platforms.ActiveCfg = Default|Any CPU
		{47F8BAD7-332C-4463-8AA1-5BC7F9B3A663}.Default|Mixed Platforms.Build.0 = Default|Any CPU
		{47F8BAD7-332C-4463-8AA1-5BC7F9B3A663}.Default|x86.ActiveCfg = Default|Any CPU
		{47F8BAD7-332C-4463-8AA1-5BC7F9B3A663}.Demo|Any CPU.ActiveCfg = Default|Any CPU
		{47F8BAD7-332C-4463-8AA1-5BC7F9B3A663}.Demo|Any CPU.Build.0 = Default|Any CPU
		{47F8BAD7-332C-4463-8AA1-5BC7F9B3A663}.Demo|Mixed Platforms.ActiveCfg = Default|Any CPU
		{47F8BAD7-332C-4463-8AA1-5BC7F9B3A663}.Demo|Mixed Platforms.Build.0 = Default|Any CPU
		{47F8BAD7-332C-4463-8AA1-5BC7F9B3A663}.Demo|x86.ActiveCfg = Default|Any CPU
		{47F8BAD7-332C-4463-8AA1-5BC7F9B3A663}.MobileDev|Any CPU.ActiveCfg = Default|Any CPU
		{47F8BAD7-332C-4463-8AA1-5BC7F9B3A663}.MobileDev|Any CPU.Build.0 = Default|Any CPU
		{47F8BAD7-332C-4463-8AA1-5BC7F9B3A663}.MobileDev|Mixed Platforms.ActiveCfg = Default|Any CPU
		{47F8BAD7-332C-4463-8AA1-5BC7F9B3A663}.MobileDev|Mixed Platforms.Build.0 = Default|Any CPU
		{47F8BAD7-332C-4463-8AA1-5BC7F9B3A663}.MobileDev|x86.ActiveCfg = Default|Any CPU
		{47F8BAD7-332C-4463-8AA1-5BC7F9B3A663}.Release|Any CPU.ActiveCfg = Release|Any CPU
		{47F8BAD7-332C-4463-8AA1-5BC7F9B3A663}.Release|Any CPU.Build.0 = Release|Any CPU
		{47F8BAD7-332C-4463-8AA1-5BC7F9B3A663}.Release|Mixed Platforms.ActiveCfg = Release|Any CPU
		{47F8BAD7-332C-4463-8AA1-5BC7F9B3A663}.Release|Mixed Platforms.Build.0 = Release|Any CPU
		{47F8BAD7-332C-4463-8AA1-5BC7F9B3A663}.Release|x86.ActiveCfg = Release|Any CPU
		{4549FEAF-A62B-4126-9D6D-10D1DB543466}.Debug|Any CPU.ActiveCfg = Debug|Any CPU
		{4549FEAF-A62B-4126-9D6D-10D1DB543466}.Debug|Any CPU.Build.0 = Debug|Any CPU
		{4549FEAF-A62B-4126-9D6D-10D1DB543466}.Debug|Mixed Platforms.ActiveCfg = Debug|Any CPU
		{4549FEAF-A62B-4126-9D6D-10D1DB543466}.Debug|Mixed Platforms.Build.0 = Debug|Any CPU
		{4549FEAF-A62B-4126-9D6D-10D1DB543466}.Debug|x86.ActiveCfg = Debug|Any CPU
		{4549FEAF-A62B-4126-9D6D-10D1DB543466}.Default|Any CPU.ActiveCfg = Debug|Any CPU
		{4549FEAF-A62B-4126-9D6D-10D1DB543466}.Default|Any CPU.Build.0 = Debug|Any CPU
		{4549FEAF-A62B-4126-9D6D-10D1DB543466}.Default|Mixed Platforms.ActiveCfg = Debug|Any CPU
		{4549FEAF-A62B-4126-9D6D-10D1DB543466}.Default|Mixed Platforms.Build.0 = Debug|Any CPU
		{4549FEAF-A62B-4126-9D6D-10D1DB543466}.Default|x86.ActiveCfg = Debug|Any CPU
		{4549FEAF-A62B-4126-9D6D-10D1DB543466}.Demo|Any CPU.ActiveCfg = Debug|Any CPU
		{4549FEAF-A62B-4126-9D6D-10D1DB543466}.Demo|Any CPU.Build.0 = Debug|Any CPU
		{4549FEAF-A62B-4126-9D6D-10D1DB543466}.Demo|Mixed Platforms.ActiveCfg = Debug|Any CPU
		{4549FEAF-A62B-4126-9D6D-10D1DB543466}.Demo|Mixed Platforms.Build.0 = Debug|Any CPU
		{4549FEAF-A62B-4126-9D6D-10D1DB543466}.Demo|x86.ActiveCfg = Debug|Any CPU
		{4549FEAF-A62B-4126-9D6D-10D1DB543466}.MobileDev|Any CPU.ActiveCfg = Release|Any CPU
		{4549FEAF-A62B-4126-9D6D-10D1DB543466}.MobileDev|Any CPU.Build.0 = Release|Any CPU
		{4549FEAF-A62B-4126-9D6D-10D1DB543466}.MobileDev|Mixed Platforms.ActiveCfg = Release|Any CPU
		{4549FEAF-A62B-4126-9D6D-10D1DB543466}.MobileDev|Mixed Platforms.Build.0 = Release|Any CPU
		{4549FEAF-A62B-4126-9D6D-10D1DB543466}.MobileDev|x86.ActiveCfg = Release|Any CPU
		{4549FEAF-A62B-4126-9D6D-10D1DB543466}.Release|Any CPU.ActiveCfg = Release|Any CPU
		{4549FEAF-A62B-4126-9D6D-10D1DB543466}.Release|Any CPU.Build.0 = Release|Any CPU
		{4549FEAF-A62B-4126-9D6D-10D1DB543466}.Release|Mixed Platforms.ActiveCfg = Release|Any CPU
		{4549FEAF-A62B-4126-9D6D-10D1DB543466}.Release|Mixed Platforms.Build.0 = Release|Any CPU
		{4549FEAF-A62B-4126-9D6D-10D1DB543466}.Release|x86.ActiveCfg = Release|Any CPU
		{4DDB5151-FE9D-4041-BA46-63486D7DA32D}.Debug|Any CPU.ActiveCfg = Debug|Any CPU
		{4DDB5151-FE9D-4041-BA46-63486D7DA32D}.Debug|Any CPU.Build.0 = Debug|Any CPU
		{4DDB5151-FE9D-4041-BA46-63486D7DA32D}.Debug|Mixed Platforms.ActiveCfg = Debug|Any CPU
		{4DDB5151-FE9D-4041-BA46-63486D7DA32D}.Debug|Mixed Platforms.Build.0 = Debug|Any CPU
		{4DDB5151-FE9D-4041-BA46-63486D7DA32D}.Debug|x86.ActiveCfg = Debug|Any CPU
		{4DDB5151-FE9D-4041-BA46-63486D7DA32D}.Default|Any CPU.ActiveCfg = Debug|Any CPU
		{4DDB5151-FE9D-4041-BA46-63486D7DA32D}.Default|Any CPU.Build.0 = Debug|Any CPU
		{4DDB5151-FE9D-4041-BA46-63486D7DA32D}.Default|Mixed Platforms.ActiveCfg = Debug|Any CPU
		{4DDB5151-FE9D-4041-BA46-63486D7DA32D}.Default|Mixed Platforms.Build.0 = Debug|Any CPU
		{4DDB5151-FE9D-4041-BA46-63486D7DA32D}.Default|x86.ActiveCfg = Debug|Any CPU
		{4DDB5151-FE9D-4041-BA46-63486D7DA32D}.Demo|Any CPU.ActiveCfg = Debug|Any CPU
		{4DDB5151-FE9D-4041-BA46-63486D7DA32D}.Demo|Any CPU.Build.0 = Debug|Any CPU
		{4DDB5151-FE9D-4041-BA46-63486D7DA32D}.Demo|Mixed Platforms.ActiveCfg = Debug|Any CPU
		{4DDB5151-FE9D-4041-BA46-63486D7DA32D}.Demo|Mixed Platforms.Build.0 = Debug|Any CPU
		{4DDB5151-FE9D-4041-BA46-63486D7DA32D}.Demo|x86.ActiveCfg = Debug|Any CPU
		{4DDB5151-FE9D-4041-BA46-63486D7DA32D}.MobileDev|Any CPU.ActiveCfg = Release|Any CPU
		{4DDB5151-FE9D-4041-BA46-63486D7DA32D}.MobileDev|Any CPU.Build.0 = Release|Any CPU
		{4DDB5151-FE9D-4041-BA46-63486D7DA32D}.MobileDev|Mixed Platforms.ActiveCfg = Release|Any CPU
		{4DDB5151-FE9D-4041-BA46-63486D7DA32D}.MobileDev|Mixed Platforms.Build.0 = Release|Any CPU
		{4DDB5151-FE9D-4041-BA46-63486D7DA32D}.MobileDev|x86.ActiveCfg = Release|Any CPU
		{4DDB5151-FE9D-4041-BA46-63486D7DA32D}.Release|Any CPU.ActiveCfg = Release|Any CPU
		{4DDB5151-FE9D-4041-BA46-63486D7DA32D}.Release|Any CPU.Build.0 = Release|Any CPU
		{4DDB5151-FE9D-4041-BA46-63486D7DA32D}.Release|Mixed Platforms.ActiveCfg = Release|Any CPU
		{4DDB5151-FE9D-4041-BA46-63486D7DA32D}.Release|Mixed Platforms.Build.0 = Release|Any CPU
		{4DDB5151-FE9D-4041-BA46-63486D7DA32D}.Release|x86.ActiveCfg = Release|Any CPU
	EndGlobalSection
	GlobalSection(SolutionProperties) = preSolution
		HideSolutionNode = FALSE
	EndGlobalSection
EndGlobal
